
Microsoft Visual Studio Solution File, Format Version 12.00
# Visual Studio Version 16
VisualStudioVersion = 16.0.29418.71
MinimumVisualStudioVersion = 10.0.40219.1
Project("{FAE04EC0-301F-11D3-BF4B-00C04F79EFBC}") = "ClearScript", "ClearScript\ClearScript.csproj", "{D2382D2C-6576-4D96-B6CD-057C4F6BED96}"
	ProjectSection(ProjectDependencies) = postProject
		{2D63EA35-BA9C-4E77-B5A4-4938DBBFEFA6} = {2D63EA35-BA9C-4E77-B5A4-4938DBBFEFA6}
		{CDCF4EEA-1CA4-412E-8C77-78893A67A577} = {CDCF4EEA-1CA4-412E-8C77-78893A67A577}
	EndProjectSection
EndProject
Project("{FAE04EC0-301F-11D3-BF4B-00C04F79EFBC}") = "ClearScriptTest", "ClearScriptTest\ClearScriptTest.csproj", "{EDC7144E-FDA9-4CC7-B2CD-B5EBFD610A7D}"
	ProjectSection(ProjectDependencies) = postProject
		{D2382D2C-6576-4D96-B6CD-057C4F6BED96} = {D2382D2C-6576-4D96-B6CD-057C4F6BED96}
		{28980C99-77E7-4B62-8484-AF06C5745B8C} = {28980C99-77E7-4B62-8484-AF06C5745B8C}
	EndProjectSection
EndProject
Project("{FAE04EC0-301F-11D3-BF4B-00C04F79EFBC}") = "ClearScriptConsole", "ClearScriptConsole\ClearScriptConsole.csproj", "{28980C99-77E7-4B62-8484-AF06C5745B8C}"
EndProject
Project("{2150E333-8FDC-42A3-9474-1A3956D46DE8}") = "Solution Items", "Solution Items", "{5488F9BE-286E-459B-8384-E9EDA331BD5B}"
	ProjectSection(SolutionItems) = preProject
		ClearScript\doc\Build.docx = ClearScript\doc\Build.docx
		ClearScript\doc\Examples.docx = ClearScript\doc\Examples.docx
		ClearScript\doc\FAQtorial.docx = ClearScript\doc\FAQtorial.docx
		License.txt = License.txt
		ReadMe.md = ReadMe.md
		ClearScript\doc\Reference.chm = ClearScript\doc\Reference.chm
		Version.tt = Version.tt
	EndProjectSection
EndProject
Project("{FAE04EC0-301F-11D3-BF4B-00C04F79EFBC}") = "ClearScriptBenchmarks", "ClearScriptBenchmarks\ClearScriptBenchmarks.csproj", "{7922A2F5-3585-4A60-98FB-1BDB4D5ECD29}"
EndProject
Project("{9A19103F-16F7-4668-BE54-9A1E7A4F7556}") = "ClearScript", "NetCore\ClearScript\ClearScript.csproj", "{5563D61E-E25B-432E-8698-2193F51054FC}"
	ProjectSection(ProjectDependencies) = postProject
		{D2382D2C-6576-4D96-B6CD-057C4F6BED96} = {D2382D2C-6576-4D96-B6CD-057C4F6BED96}
	EndProjectSection
EndProject
Project("{2150E333-8FDC-42A3-9474-1A3956D46DE8}") = ".NET Core", ".NET Core", "{38987D23-2ED7-473A-9DE5-863E338EF18A}"
EndProject
Project("{9A19103F-16F7-4668-BE54-9A1E7A4F7556}") = "ClearScriptConsole", "NetCore\ClearScriptConsole\ClearScriptConsole.csproj", "{497012BC-959C-43A0-90A6-156A35DF2F43}"
	ProjectSection(ProjectDependencies) = postProject
		{5563D61E-E25B-432E-8698-2193F51054FC} = {5563D61E-E25B-432E-8698-2193F51054FC}
		{28980C99-77E7-4B62-8484-AF06C5745B8C} = {28980C99-77E7-4B62-8484-AF06C5745B8C}
	EndProjectSection
EndProject
Project("{9A19103F-16F7-4668-BE54-9A1E7A4F7556}") = "ClearScriptTest", "NetCore\ClearScriptTest\ClearScriptTest.csproj", "{269669D3-78D8-4AF3-A2AF-08D3446BD6BC}"
	ProjectSection(ProjectDependencies) = postProject
		{5563D61E-E25B-432E-8698-2193F51054FC} = {5563D61E-E25B-432E-8698-2193F51054FC}
		{EDC7144E-FDA9-4CC7-B2CD-B5EBFD610A7D} = {EDC7144E-FDA9-4CC7-B2CD-B5EBFD610A7D}
		{497012BC-959C-43A0-90A6-156A35DF2F43} = {497012BC-959C-43A0-90A6-156A35DF2F43}
	EndProjectSection
EndProject
Project("{2150E333-8FDC-42A3-9474-1A3956D46DE8}") = ".NET Framework", ".NET Framework", "{526BA3EF-4E1D-48C1-9923-2485B63993EE}"
EndProject
Project("{9A19103F-16F7-4668-BE54-9A1E7A4F7556}") = "ClearScriptBenchmarks", "NetCore\ClearScriptBenchmarks\ClearScriptBenchmarks.csproj", "{925DD842-4585-4D44-80BB-78E1FB7E9438}"
	ProjectSection(ProjectDependencies) = postProject
		{7922A2F5-3585-4A60-98FB-1BDB4D5ECD29} = {7922A2F5-3585-4A60-98FB-1BDB4D5ECD29}
	EndProjectSection
EndProject
Project("{2150E333-8FDC-42A3-9474-1A3956D46DE8}") = "Unix (Build Only)", "Unix (Build Only)", "{CF199479-0DDD-4096-9587-6ACDB6D3D48D}"
EndProject
Project("{9A19103F-16F7-4668-BE54-9A1E7A4F7556}") = "ClearScript", "Unix\ClearScript\ClearScript.csproj", "{0E0654D0-C984-4397-BBCD-62ED80893551}"
	ProjectSection(ProjectDependencies) = postProject
		{D2382D2C-6576-4D96-B6CD-057C4F6BED96} = {D2382D2C-6576-4D96-B6CD-057C4F6BED96}
	EndProjectSection
EndProject
Project("{9A19103F-16F7-4668-BE54-9A1E7A4F7556}") = "ClearScriptConsole", "Unix\ClearScriptConsole\ClearScriptConsole.csproj", "{32AA29FA-4124-4F8A-93C8-84E056ECEBC0}"
	ProjectSection(ProjectDependencies) = postProject
		{28980C99-77E7-4B62-8484-AF06C5745B8C} = {28980C99-77E7-4B62-8484-AF06C5745B8C}
	EndProjectSection
EndProject
Project("{9A19103F-16F7-4668-BE54-9A1E7A4F7556}") = "ClearScriptBenchmarks", "Unix\ClearScriptBenchmarks\ClearScriptBenchmarks.csproj", "{EB4C5A54-8D1F-4924-8890-26E735223576}"
	ProjectSection(ProjectDependencies) = postProject
		{7922A2F5-3585-4A60-98FB-1BDB4D5ECD29} = {7922A2F5-3585-4A60-98FB-1BDB4D5ECD29}
	EndProjectSection
EndProject
Project("{9A19103F-16F7-4668-BE54-9A1E7A4F7556}") = "ClearScriptTest", "Unix\ClearScriptTest\ClearScriptTest.csproj", "{7CD810A7-9BAA-4EF7-AC1F-F0CBB8F5899C}"
	ProjectSection(ProjectDependencies) = postProject
		{EDC7144E-FDA9-4CC7-B2CD-B5EBFD610A7D} = {EDC7144E-FDA9-4CC7-B2CD-B5EBFD610A7D}
		{32AA29FA-4124-4F8A-93C8-84E056ECEBC0} = {32AA29FA-4124-4F8A-93C8-84E056ECEBC0}
	EndProjectSection
EndProject
Project("{2150E333-8FDC-42A3-9474-1A3956D46DE8}") = "ClearScriptV8", "ClearScriptV8", "{46C568CE-BA46-498F-9D8F-6293DED1BB94}"
EndProject
Project("{8BC9CEB8-8B4A-11D0-8D11-00A0C91BC942}") = "ClearScriptV8-32", "ClearScriptV8\32\ClearScriptV8-32.vcxproj", "{2D63EA35-BA9C-4E77-B5A4-4938DBBFEFA6}"
EndProject
Project("{8BC9CEB8-8B4A-11D0-8D11-00A0C91BC942}") = "ClearScriptV8-64", "ClearScriptV8\64\ClearScriptV8-64.vcxproj", "{CDCF4EEA-1CA4-412E-8C77-78893A67A577}"
EndProject
Global
	GlobalSection(SolutionConfigurationPlatforms) = preSolution
		Debug|Any CPU = Debug|Any CPU
		Release|Any CPU = Release|Any CPU
	EndGlobalSection
	GlobalSection(ProjectConfigurationPlatforms) = postSolution
		{D2382D2C-6576-4D96-B6CD-057C4F6BED96}.Debug|Any CPU.ActiveCfg = Debug|Any CPU
		{D2382D2C-6576-4D96-B6CD-057C4F6BED96}.Debug|Any CPU.Build.0 = Debug|Any CPU
		{D2382D2C-6576-4D96-B6CD-057C4F6BED96}.Release|Any CPU.ActiveCfg = Release|Any CPU
		{D2382D2C-6576-4D96-B6CD-057C4F6BED96}.Release|Any CPU.Build.0 = Release|Any CPU
		{EDC7144E-FDA9-4CC7-B2CD-B5EBFD610A7D}.Debug|Any CPU.ActiveCfg = Debug|Any CPU
		{EDC7144E-FDA9-4CC7-B2CD-B5EBFD610A7D}.Debug|Any CPU.Build.0 = Debug|Any CPU
		{EDC7144E-FDA9-4CC7-B2CD-B5EBFD610A7D}.Release|Any CPU.ActiveCfg = Release|Any CPU
		{EDC7144E-FDA9-4CC7-B2CD-B5EBFD610A7D}.Release|Any CPU.Build.0 = Release|Any CPU
		{28980C99-77E7-4B62-8484-AF06C5745B8C}.Debug|Any CPU.ActiveCfg = Debug|Any CPU
		{28980C99-77E7-4B62-8484-AF06C5745B8C}.Debug|Any CPU.Build.0 = Debug|Any CPU
		{28980C99-77E7-4B62-8484-AF06C5745B8C}.Release|Any CPU.ActiveCfg = Release|Any CPU
		{28980C99-77E7-4B62-8484-AF06C5745B8C}.Release|Any CPU.Build.0 = Release|Any CPU
		{7922A2F5-3585-4A60-98FB-1BDB4D5ECD29}.Debug|Any CPU.ActiveCfg = Debug|Any CPU
		{7922A2F5-3585-4A60-98FB-1BDB4D5ECD29}.Debug|Any CPU.Build.0 = Debug|Any CPU
		{7922A2F5-3585-4A60-98FB-1BDB4D5ECD29}.Release|Any CPU.ActiveCfg = Release|Any CPU
		{7922A2F5-3585-4A60-98FB-1BDB4D5ECD29}.Release|Any CPU.Build.0 = Release|Any CPU
		{5563D61E-E25B-432E-8698-2193F51054FC}.Debug|Any CPU.ActiveCfg = Debug|Any CPU
		{5563D61E-E25B-432E-8698-2193F51054FC}.Debug|Any CPU.Build.0 = Debug|Any CPU
		{5563D61E-E25B-432E-8698-2193F51054FC}.Release|Any CPU.ActiveCfg = Release|Any CPU
		{5563D61E-E25B-432E-8698-2193F51054FC}.Release|Any CPU.Build.0 = Release|Any CPU
		{497012BC-959C-43A0-90A6-156A35DF2F43}.Debug|Any CPU.ActiveCfg = Debug|Any CPU
		{497012BC-959C-43A0-90A6-156A35DF2F43}.Debug|Any CPU.Build.0 = Debug|Any CPU
		{497012BC-959C-43A0-90A6-156A35DF2F43}.Release|Any CPU.ActiveCfg = Release|Any CPU
		{497012BC-959C-43A0-90A6-156A35DF2F43}.Release|Any CPU.Build.0 = Release|Any CPU
		{269669D3-78D8-4AF3-A2AF-08D3446BD6BC}.Debug|Any CPU.ActiveCfg = Debug|Any CPU
		{269669D3-78D8-4AF3-A2AF-08D3446BD6BC}.Debug|Any CPU.Build.0 = Debug|Any CPU
		{269669D3-78D8-4AF3-A2AF-08D3446BD6BC}.Release|Any CPU.ActiveCfg = Release|Any CPU
		{269669D3-78D8-4AF3-A2AF-08D3446BD6BC}.Release|Any CPU.Build.0 = Release|Any CPU
		{925DD842-4585-4D44-80BB-78E1FB7E9438}.Debug|Any CPU.ActiveCfg = Debug|Any CPU
		{925DD842-4585-4D44-80BB-78E1FB7E9438}.Debug|Any CPU.Build.0 = Debug|Any CPU
		{925DD842-4585-4D44-80BB-78E1FB7E9438}.Release|Any CPU.ActiveCfg = Release|Any CPU
		{925DD842-4585-4D44-80BB-78E1FB7E9438}.Release|Any CPU.Build.0 = Release|Any CPU
		{0E0654D0-C984-4397-BBCD-62ED80893551}.Debug|Any CPU.ActiveCfg = Debug|Any CPU
		{0E0654D0-C984-4397-BBCD-62ED80893551}.Debug|Any CPU.Build.0 = Debug|Any CPU
		{0E0654D0-C984-4397-BBCD-62ED80893551}.Release|Any CPU.ActiveCfg = Release|Any CPU
		{0E0654D0-C984-4397-BBCD-62ED80893551}.Release|Any CPU.Build.0 = Release|Any CPU
		{32AA29FA-4124-4F8A-93C8-84E056ECEBC0}.Debug|Any CPU.ActiveCfg = Debug|Any CPU
		{32AA29FA-4124-4F8A-93C8-84E056ECEBC0}.Debug|Any CPU.Build.0 = Debug|Any CPU
		{32AA29FA-4124-4F8A-93C8-84E056ECEBC0}.Release|Any CPU.ActiveCfg = Release|Any CPU
		{32AA29FA-4124-4F8A-93C8-84E056ECEBC0}.Release|Any CPU.Build.0 = Release|Any CPU
		{EB4C5A54-8D1F-4924-8890-26E735223576}.Debug|Any CPU.ActiveCfg = Debug|Any CPU
		{EB4C5A54-8D1F-4924-8890-26E735223576}.Debug|Any CPU.Build.0 = Debug|Any CPU
		{EB4C5A54-8D1F-4924-8890-26E735223576}.Release|Any CPU.ActiveCfg = Release|Any CPU
		{EB4C5A54-8D1F-4924-8890-26E735223576}.Release|Any CPU.Build.0 = Release|Any CPU
		{7CD810A7-9BAA-4EF7-AC1F-F0CBB8F5899C}.Debug|Any CPU.ActiveCfg = Debug|Any CPU
		{7CD810A7-9BAA-4EF7-AC1F-F0CBB8F5899C}.Debug|Any CPU.Build.0 = Debug|Any CPU
		{7CD810A7-9BAA-4EF7-AC1F-F0CBB8F5899C}.Release|Any CPU.ActiveCfg = Release|Any CPU
		{7CD810A7-9BAA-4EF7-AC1F-F0CBB8F5899C}.Release|Any CPU.Build.0 = Release|Any CPU
		{2D63EA35-BA9C-4E77-B5A4-4938DBBFEFA6}.Debug|Any CPU.ActiveCfg = Debug|Win32
		{2D63EA35-BA9C-4E77-B5A4-4938DBBFEFA6}.Debug|Any CPU.Build.0 = Debug|Win32
		{2D63EA35-BA9C-4E77-B5A4-4938DBBFEFA6}.Release|Any CPU.ActiveCfg = Release|Win32
		{2D63EA35-BA9C-4E77-B5A4-4938DBBFEFA6}.Release|Any CPU.Build.0 = Release|Win32
		{CDCF4EEA-1CA4-412E-8C77-78893A67A577}.Debug|Any CPU.ActiveCfg = Debug|x64
		{CDCF4EEA-1CA4-412E-8C77-78893A67A577}.Debug|Any CPU.Build.0 = Debug|x64
		{CDCF4EEA-1CA4-412E-8C77-78893A67A577}.Release|Any CPU.ActiveCfg = Release|x64
		{CDCF4EEA-1CA4-412E-8C77-78893A67A577}.Release|Any CPU.Build.0 = Release|x64
	EndGlobalSection
	GlobalSection(SolutionProperties) = preSolution
		HideSolutionNode = FALSE
	EndGlobalSection
	GlobalSection(NestedProjects) = preSolution
		{D2382D2C-6576-4D96-B6CD-057C4F6BED96} = {526BA3EF-4E1D-48C1-9923-2485B63993EE}
		{EDC7144E-FDA9-4CC7-B2CD-B5EBFD610A7D} = {526BA3EF-4E1D-48C1-9923-2485B63993EE}
		{28980C99-77E7-4B62-8484-AF06C5745B8C} = {526BA3EF-4E1D-48C1-9923-2485B63993EE}
		{7922A2F5-3585-4A60-98FB-1BDB4D5ECD29} = {526BA3EF-4E1D-48C1-9923-2485B63993EE}
		{5563D61E-E25B-432E-8698-2193F51054FC} = {38987D23-2ED7-473A-9DE5-863E338EF18A}
		{497012BC-959C-43A0-90A6-156A35DF2F43} = {38987D23-2ED7-473A-9DE5-863E338EF18A}
		{269669D3-78D8-4AF3-A2AF-08D3446BD6BC} = {38987D23-2ED7-473A-9DE5-863E338EF18A}
		{925DD842-4585-4D44-80BB-78E1FB7E9438} = {38987D23-2ED7-473A-9DE5-863E338EF18A}
		{0E0654D0-C984-4397-BBCD-62ED80893551} = {CF199479-0DDD-4096-9587-6ACDB6D3D48D}
		{32AA29FA-4124-4F8A-93C8-84E056ECEBC0} = {CF199479-0DDD-4096-9587-6ACDB6D3D48D}
		{EB4C5A54-8D1F-4924-8890-26E735223576} = {CF199479-0DDD-4096-9587-6ACDB6D3D48D}
		{7CD810A7-9BAA-4EF7-AC1F-F0CBB8F5899C} = {CF199479-0DDD-4096-9587-6ACDB6D3D48D}
		{2D63EA35-BA9C-4E77-B5A4-4938DBBFEFA6} = {46C568CE-BA46-498F-9D8F-6293DED1BB94}
		{CDCF4EEA-1CA4-412E-8C77-78893A67A577} = {46C568CE-BA46-498F-9D8F-6293DED1BB94}
	EndGlobalSection
	GlobalSection(ExtensibilityGlobals) = postSolution
		SolutionGuid = {3BAF1393-35E4-45F1-AC56-4A22646B56E5}
	EndGlobalSection
EndGlobal
