
Microsoft Visual Studio Solution File, Format Version 12.00
# Visual Studio Version 16
VisualStudioVersion = 16.0.29418.71
MinimumVisualStudioVersion = 10.0.40219.1
Project("{2150E333-8FDC-42A3-9474-1A3956D46DE8}") = "Solution Items", "Solution Items", "{5488F9BE-286E-459B-8384-E9EDA331BD5B}"
	ProjectSection(SolutionItems) = preProject
		ClearScript\doc\FAQtorial.docx = ClearScript\doc\FAQtorial.docx
		ClearScript\doc\FAQtorial.pdf = ClearScript\doc\FAQtorial.pdf
		MS-PL.txt = MS-PL.txt
		ReadMe.txt = ReadMe.txt
		ClearScript\doc\Reference.chm = ClearScript\doc\Reference.chm
		Version.tt = Version.tt
	EndProjectSection
EndProject
Project("{2150E333-8FDC-42A3-9474-1A3956D46DE8}") = ".NET Core", ".NET Core", "{41FDE4BD-8E1F-406B-A959-C3B2AF52C2E0}"
EndProject
Project("{2150E333-8FDC-42A3-9474-1A3956D46DE8}") = ".NET Framework", ".NET Framework", "{184998F3-5DCC-4463-86CC-469C13A69BA7}"
EndProject
Project("{9A19103F-16F7-4668-BE54-9A1E7A4F7556}") = "ClearScript.Core", "NetFramework\ClearScript.Core\ClearScript.Core.csproj", "{FFEB6BB8-A769-4676-8DEA-DB0BF8923D80}"
EndProject
Project("{9A19103F-16F7-4668-BE54-9A1E7A4F7556}") = "ClearScript.Windows", "NetFramework\ClearScript.Windows\ClearScript.Windows.csproj", "{2179ABA8-4D87-4CC7-B056-48F770FB446E}"
EndProject
Project("{9A19103F-16F7-4668-BE54-9A1E7A4F7556}") = "ClearScript.Core", "NetCore\ClearScript.Core\ClearScript.Core.csproj", "{32DD8677-C243-48BF-8E81-01EA1C14C3E6}"
	ProjectSection(ProjectDependencies) = postProject
		{FFEB6BB8-A769-4676-8DEA-DB0BF8923D80} = {FFEB6BB8-A769-4676-8DEA-DB0BF8923D80}
	EndProjectSection
EndProject
Project("{9A19103F-16F7-4668-BE54-9A1E7A4F7556}") = "ClearScript.Windows", "NetCore\ClearScript.Windows\ClearScript.Windows.csproj", "{8D40DCCD-D812-4BF0-9BA2-116A3F127D2A}"
	ProjectSection(ProjectDependencies) = postProject
		{2179ABA8-4D87-4CC7-B056-48F770FB446E} = {2179ABA8-4D87-4CC7-B056-48F770FB446E}
	EndProjectSection
EndProject
Global
	GlobalSection(SolutionConfigurationPlatforms) = preSolution
		Debug|Any CPU = Debug|Any CPU
		Release|Any CPU = Release|Any CPU
	EndGlobalSection
	GlobalSection(ProjectConfigurationPlatforms) = postSolution
		{FFEB6BB8-A769-4676-8DEA-DB0BF8923D80}.Debug|Any CPU.ActiveCfg = Debug|Any CPU
		{FFEB6BB8-A769-4676-8DEA-DB0BF8923D80}.Debug|Any CPU.Build.0 = Debug|Any CPU
		{FFEB6BB8-A769-4676-8DEA-DB0BF8923D80}.Release|Any CPU.ActiveCfg = Release|Any CPU
		{FFEB6BB8-A769-4676-8DEA-DB0BF8923D80}.Release|Any CPU.Build.0 = Release|Any CPU
		{2179ABA8-4D87-4CC7-B056-48F770FB446E}.Debug|Any CPU.ActiveCfg = Debug|Any CPU
		{2179ABA8-4D87-4CC7-B056-48F770FB446E}.Debug|Any CPU.Build.0 = Debug|Any CPU
		{2179ABA8-4D87-4CC7-B056-48F770FB446E}.Release|Any CPU.ActiveCfg = Release|Any CPU
		{2179ABA8-4D87-4CC7-B056-48F770FB446E}.Release|Any CPU.Build.0 = Release|Any CPU
		{32DD8677-C243-48BF-8E81-01EA1C14C3E6}.Debug|Any CPU.ActiveCfg = Debug|Any CPU
		{32DD8677-C243-48BF-8E81-01EA1C14C3E6}.Debug|Any CPU.Build.0 = Debug|Any CPU
		{32DD8677-C243-48BF-8E81-01EA1C14C3E6}.Release|Any CPU.ActiveCfg = Release|Any CPU
		{32DD8677-C243-48BF-8E81-01EA1C14C3E6}.Release|Any CPU.Build.0 = Release|Any CPU
		{8D40DCCD-D812-4BF0-9BA2-116A3F127D2A}.Debug|Any CPU.ActiveCfg = Debug|Any CPU
		{8D40DCCD-D812-4BF0-9BA2-116A3F127D2A}.Debug|Any CPU.Build.0 = Debug|Any CPU
		{8D40DCCD-D812-4BF0-9BA2-116A3F127D2A}.Release|Any CPU.ActiveCfg = Release|Any CPU
		{8D40DCCD-D812-4BF0-9BA2-116A3F127D2A}.Release|Any CPU.Build.0 = Release|Any CPU
	EndGlobalSection
	GlobalSection(SolutionProperties) = preSolution
		HideSolutionNode = FALSE
	EndGlobalSection
	GlobalSection(NestedProjects) = preSolution
		{FFEB6BB8-A769-4676-8DEA-DB0BF8923D80} = {184998F3-5DCC-4463-86CC-469C13A69BA7}
		{2179ABA8-4D87-4CC7-B056-48F770FB446E} = {184998F3-5DCC-4463-86CC-469C13A69BA7}
		{32DD8677-C243-48BF-8E81-01EA1C14C3E6} = {41FDE4BD-8E1F-406B-A959-C3B2AF52C2E0}
		{8D40DCCD-D812-4BF0-9BA2-116A3F127D2A} = {41FDE4BD-8E1F-406B-A959-C3B2AF52C2E0}
	EndGlobalSection
	GlobalSection(ExtensibilityGlobals) = postSolution
		SolutionGuid = {F006893F-7CAF-443A-8F72-CA3C29A1BABD}
	EndGlobalSection
EndGlobal
