
Microsoft Visual Studio Solution File, Format Version 12.00
# Visual Studio Version 17
VisualStudioVersion = 17.2.32519.379
MinimumVisualStudioVersion = 10.0.40219.1
Project("{9A19103F-16F7-4668-BE54-9A1E7A4F7556}") = "ClearScriptTest", "NetFramework\ClearScriptTest\ClearScriptTest.csproj", "{EDC7144E-FDA9-4CC7-B2CD-B5EBFD610A7D}"
	ProjectSection(ProjectDependencies) = postProject
		{28980C99-77E7-4B62-8484-AF06C5745B8C} = {28980C99-77E7-4B62-8484-AF06C5745B8C}
	EndProjectSection
EndProject
Project("{9A19103F-16F7-4668-BE54-9A1E7A4F7556}") = "ClearScriptConsole", "NetFramework\ClearScriptConsole\ClearScriptConsole.csproj", "{28980C99-77E7-4B62-8484-AF06C5745B8C}"
EndProject
Project("{2150E333-8FDC-42A3-9474-1A3956D46DE8}") = "Solution Items", "Solution Items", "{5488F9BE-286E-459B-8384-E9EDA331BD5B}"
	ProjectSection(SolutionItems) = preProject
		ClearScript\doc\Build.docx = ClearScript\doc\Build.docx
		ClearScript\doc\Examples.docx = ClearScript\doc\Examples.docx
		ClearScript\doc\FAQtorial.docx = ClearScript\doc\FAQtorial.docx
		License.txt = License.txt
		ReadMe.md = ReadMe.md
		ClearScript\doc\Reference.chm = ClearScript\doc\Reference.chm
		Version.tt = Version.tt
	EndProjectSection
EndProject
Project("{9A19103F-16F7-4668-BE54-9A1E7A4F7556}") = "ClearScriptBenchmarks", "NetFramework\ClearScriptBenchmarks\ClearScriptBenchmarks.csproj", "{7922A2F5-3585-4A60-98FB-1BDB4D5ECD29}"
EndProject
Project("{2150E333-8FDC-42A3-9474-1A3956D46DE8}") = ".NET Core", ".NET Core", "{38987D23-2ED7-473A-9DE5-863E338EF18A}"
EndProject
Project("{9A19103F-16F7-4668-BE54-9A1E7A4F7556}") = "ClearScriptConsole", "NetCore\ClearScriptConsole\ClearScriptConsole.csproj", "{497012BC-959C-43A0-90A6-156A35DF2F43}"
	ProjectSection(ProjectDependencies) = postProject
		{28980C99-77E7-4B62-8484-AF06C5745B8C} = {28980C99-77E7-4B62-8484-AF06C5745B8C}
	EndProjectSection
EndProject
Project("{9A19103F-16F7-4668-BE54-9A1E7A4F7556}") = "ClearScriptTest", "NetCore\ClearScriptTest\ClearScriptTest.csproj", "{269669D3-78D8-4AF3-A2AF-08D3446BD6BC}"
	ProjectSection(ProjectDependencies) = postProject
		{497012BC-959C-43A0-90A6-156A35DF2F43} = {497012BC-959C-43A0-90A6-156A35DF2F43}
		{6576FFFD-BA73-4123-8E4B-8589E5163C04} = {6576FFFD-BA73-4123-8E4B-8589E5163C04}
		{7B3EA81F-F60B-46DB-B3F0-22F68E8A8FAD} = {7B3EA81F-F60B-46DB-B3F0-22F68E8A8FAD}
		{C8AE52BB-BFEE-4816-A9FE-8653CEE36C96} = {C8AE52BB-BFEE-4816-A9FE-8653CEE36C96}
		{EDC7144E-FDA9-4CC7-B2CD-B5EBFD610A7D} = {EDC7144E-FDA9-4CC7-B2CD-B5EBFD610A7D}
	EndProjectSection
EndProject
Project("{2150E333-8FDC-42A3-9474-1A3956D46DE8}") = ".NET Framework", ".NET Framework", "{526BA3EF-4E1D-48C1-9923-2485B63993EE}"
EndProject
Project("{9A19103F-16F7-4668-BE54-9A1E7A4F7556}") = "ClearScriptBenchmarks", "NetCore\ClearScriptBenchmarks\ClearScriptBenchmarks.csproj", "{925DD842-4585-4D44-80BB-78E1FB7E9438}"
	ProjectSection(ProjectDependencies) = postProject
		{7922A2F5-3585-4A60-98FB-1BDB4D5ECD29} = {7922A2F5-3585-4A60-98FB-1BDB4D5ECD29}
	EndProjectSection
EndProject
Project("{2150E333-8FDC-42A3-9474-1A3956D46DE8}") = "ClearScriptV8", "ClearScriptV8", "{46C568CE-BA46-498F-9D8F-6293DED1BB94}"
EndProject
Project("{8BC9CEB8-8B4A-11D0-8D11-00A0C91BC942}") = "ClearScriptV8.win-x86", "ClearScriptV8\win-x86\ClearScriptV8.win-x86.vcxproj", "{2D63EA35-BA9C-4E77-B5A4-4938DBBFEFA6}"
	ProjectSection(ProjectDependencies) = postProject
		{7B3EA81F-F60B-46DB-B3F0-22F68E8A8FAD} = {7B3EA81F-F60B-46DB-B3F0-22F68E8A8FAD}
	EndProjectSection
EndProject
Project("{8BC9CEB8-8B4A-11D0-8D11-00A0C91BC942}") = "ClearScriptV8.win-x64", "ClearScriptV8\win-x64\ClearScriptV8.win-x64.vcxproj", "{CDCF4EEA-1CA4-412E-8C77-78893A67A577}"
	ProjectSection(ProjectDependencies) = postProject
		{7B3EA81F-F60B-46DB-B3F0-22F68E8A8FAD} = {7B3EA81F-F60B-46DB-B3F0-22F68E8A8FAD}
	EndProjectSection
EndProject
Project("{9A19103F-16F7-4668-BE54-9A1E7A4F7556}") = "ClearScript.Core", "NetFramework\ClearScript.Core\ClearScript.Core.csproj", "{F1022C3F-AFBC-4F23-B4DE-C6C0742AEFF2}"
EndProject
Project("{9A19103F-16F7-4668-BE54-9A1E7A4F7556}") = "ClearScript.Windows", "NetFramework\ClearScript.Windows\ClearScript.Windows.csproj", "{BC560FF8-AB7A-4DA9-A1FD-99221447D370}"
	ProjectSection(ProjectDependencies) = postProject
		{5FF9CB8B-BC95-44AB-B254-CEB4ADF4A53A} = {5FF9CB8B-BC95-44AB-B254-CEB4ADF4A53A}
	EndProjectSection
EndProject
Project("{9A19103F-16F7-4668-BE54-9A1E7A4F7556}") = "ClearScript.V8", "NetFramework\ClearScript.V8\ClearScript.V8.csproj", "{59CC81A3-3D97-469A-9C8B-533F920085F1}"
	ProjectSection(ProjectDependencies) = postProject
		{2D63EA35-BA9C-4E77-B5A4-4938DBBFEFA6} = {2D63EA35-BA9C-4E77-B5A4-4938DBBFEFA6}
		{47FC5CB5-A6F2-4FEE-99F8-A758D3A7373C} = {47FC5CB5-A6F2-4FEE-99F8-A758D3A7373C}
		{725B6D7A-ECC7-4A28-AF52-B1CB22C37134} = {725B6D7A-ECC7-4A28-AF52-B1CB22C37134}
		{CDCF4EEA-1CA4-412E-8C77-78893A67A577} = {CDCF4EEA-1CA4-412E-8C77-78893A67A577}
	EndProjectSection
EndProject
Project("{9A19103F-16F7-4668-BE54-9A1E7A4F7556}") = "ClearScript.Core", "NetCore\ClearScript.Core\ClearScript.Core.csproj", "{7B3EA81F-F60B-46DB-B3F0-22F68E8A8FAD}"
	ProjectSection(ProjectDependencies) = postProject
		{F1022C3F-AFBC-4F23-B4DE-C6C0742AEFF2} = {F1022C3F-AFBC-4F23-B4DE-C6C0742AEFF2}
	EndProjectSection
EndProject
Project("{9A19103F-16F7-4668-BE54-9A1E7A4F7556}") = "ClearScript.Windows", "NetCore\ClearScript.Windows\ClearScript.Windows.csproj", "{6576FFFD-BA73-4123-8E4B-8589E5163C04}"
	ProjectSection(ProjectDependencies) = postProject
		{BC560FF8-AB7A-4DA9-A1FD-99221447D370} = {BC560FF8-AB7A-4DA9-A1FD-99221447D370}
	EndProjectSection
EndProject
Project("{9A19103F-16F7-4668-BE54-9A1E7A4F7556}") = "ClearScript.V8", "NetCore\ClearScript.V8\ClearScript.V8.csproj", "{C8AE52BB-BFEE-4816-A9FE-8653CEE36C96}"
	ProjectSection(ProjectDependencies) = postProject
		{47FC5CB5-A6F2-4FEE-99F8-A758D3A7373C} = {47FC5CB5-A6F2-4FEE-99F8-A758D3A7373C}
		{59CC81A3-3D97-469A-9C8B-533F920085F1} = {59CC81A3-3D97-469A-9C8B-533F920085F1}
	EndProjectSection
EndProject
Project("{2150E333-8FDC-42A3-9474-1A3956D46DE8}") = "Unix", "Unix", "{48C9730D-CA6C-47ED-B72C-DB9B6EE24D47}"
EndProject
Project("{9A19103F-16F7-4668-BE54-9A1E7A4F7556}") = "ClearScriptBenchmarks", "Unix\ClearScriptBenchmarks\ClearScriptBenchmarks.csproj", "{FDFA67F7-AEE6-407A-BF94-ACAD3D735CAB}"
	ProjectSection(ProjectDependencies) = postProject
		{7922A2F5-3585-4A60-98FB-1BDB4D5ECD29} = {7922A2F5-3585-4A60-98FB-1BDB4D5ECD29}
	EndProjectSection
EndProject
Project("{9A19103F-16F7-4668-BE54-9A1E7A4F7556}") = "ClearScriptConsole", "Unix\ClearScriptConsole\ClearScriptConsole.csproj", "{3CD8AB65-BA34-4BB9-862F-D31CE861560F}"
	ProjectSection(ProjectDependencies) = postProject
		{28980C99-77E7-4B62-8484-AF06C5745B8C} = {28980C99-77E7-4B62-8484-AF06C5745B8C}
	EndProjectSection
EndProject
Project("{9A19103F-16F7-4668-BE54-9A1E7A4F7556}") = "ClearScriptTest", "Unix\ClearScriptTest\ClearScriptTest.csproj", "{052E036D-6D60-4FCA-AA8E-4CF56BC2058D}"
	ProjectSection(ProjectDependencies) = postProject
		{3CD8AB65-BA34-4BB9-862F-D31CE861560F} = {3CD8AB65-BA34-4BB9-862F-D31CE861560F}
		{EDC7144E-FDA9-4CC7-B2CD-B5EBFD610A7D} = {EDC7144E-FDA9-4CC7-B2CD-B5EBFD610A7D}
	EndProjectSection
EndProject
Project("{8BC9CEB8-8B4A-11D0-8D11-00A0C91BC942}") = "ClearScriptV8.win-arm64", "ClearScriptV8\win-arm64\ClearScriptV8.win-arm64.vcxproj", "{725B6D7A-ECC7-4A28-AF52-B1CB22C37134}"
	ProjectSection(ProjectDependencies) = postProject
		{7B3EA81F-F60B-46DB-B3F0-22F68E8A8FAD} = {7B3EA81F-F60B-46DB-B3F0-22F68E8A8FAD}
	EndProjectSection
EndProject
Project("{2150E333-8FDC-42A3-9474-1A3956D46DE8}") = "UWP", "UWP", "{DAF9D89A-5A6E-4450-8DA5-DFD73F26DDF5}"
EndProject
Project("{FAE04EC0-301F-11D3-BF4B-00C04F79EFBC}") = "ClearScript.Core", "UWP\ClearScript.Core\ClearScript.Core.csproj", "{D3391831-65CE-4C1E-A21B-01A283F3E193}"
	ProjectSection(ProjectDependencies) = postProject
		{F1022C3F-AFBC-4F23-B4DE-C6C0742AEFF2} = {F1022C3F-AFBC-4F23-B4DE-C6C0742AEFF2}
	EndProjectSection
EndProject
Project("{FAE04EC0-301F-11D3-BF4B-00C04F79EFBC}") = "ClearScript.V8", "UWP\ClearScript.V8\ClearScript.V8.csproj", "{CF1FD52F-A933-48D9-92A4-A39565896A42}"
	ProjectSection(ProjectDependencies) = postProject
		{47FC5CB5-A6F2-4FEE-99F8-A758D3A7373C} = {47FC5CB5-A6F2-4FEE-99F8-A758D3A7373C}
		{59CC81A3-3D97-469A-9C8B-533F920085F1} = {59CC81A3-3D97-469A-9C8B-533F920085F1}
		{D3391831-65CE-4C1E-A21B-01A283F3E193} = {D3391831-65CE-4C1E-A21B-01A283F3E193}
	EndProjectSection
EndProject
Project("{9A19103F-16F7-4668-BE54-9A1E7A4F7556}") = "ClearScript.Windows.Core", "NetCore\ClearScript.Windows.Core\ClearScript.Windows.Core.csproj", "{B9C99091-E616-4DC2-A711-4DCDAC602E38}"
	ProjectSection(ProjectDependencies) = postProject
		{5FF9CB8B-BC95-44AB-B254-CEB4ADF4A53A} = {5FF9CB8B-BC95-44AB-B254-CEB4ADF4A53A}
	EndProjectSection
EndProject
Project("{9A19103F-16F7-4668-BE54-9A1E7A4F7556}") = "ClearScript.Windows.Core", "NetFramework\ClearScript.Windows.Core\ClearScript.Windows.Core.csproj", "{5FF9CB8B-BC95-44AB-B254-CEB4ADF4A53A}"
EndProject
Project("{2150E333-8FDC-42A3-9474-1A3956D46DE8}") = ".NET Standard", ".NET Standard", "{3047C214-A12B-4C8B-AEED-021FAA0B4CD3}"
EndProject
Project("{9A19103F-16F7-4668-BE54-9A1E7A4F7556}") = "ClearScript.Core", "NetStandard\ClearScript.Core\ClearScript.Core.csproj", "{D757A0DB-AEBC-4D77-A187-A701B158D588}"
	ProjectSection(ProjectDependencies) = postProject
		{F1022C3F-AFBC-4F23-B4DE-C6C0742AEFF2} = {F1022C3F-AFBC-4F23-B4DE-C6C0742AEFF2}
	EndProjectSection
EndProject
Project("{9A19103F-16F7-4668-BE54-9A1E7A4F7556}") = "ClearScript.V8", "NetStandard\ClearScript.V8\ClearScript.V8.csproj", "{0DEC74E5-FF8A-4B61-B847-875BAD0AE781}"
	ProjectSection(ProjectDependencies) = postProject
		{47FC5CB5-A6F2-4FEE-99F8-A758D3A7373C} = {47FC5CB5-A6F2-4FEE-99F8-A758D3A7373C}
		{59CC81A3-3D97-469A-9C8B-533F920085F1} = {59CC81A3-3D97-469A-9C8B-533F920085F1}
	EndProjectSection
EndProject
Project("{9A19103F-16F7-4668-BE54-9A1E7A4F7556}") = "ClearScript.Windows.Core", "NetStandard\ClearScript.Windows.Core\ClearScript.Windows.Core.csproj", "{6F6B59D0-6538-4D02-91D2-07D24DAFE39A}"
	ProjectSection(ProjectDependencies) = postProject
		{5FF9CB8B-BC95-44AB-B254-CEB4ADF4A53A} = {5FF9CB8B-BC95-44AB-B254-CEB4ADF4A53A}
	EndProjectSection
EndProject
Project("{9A19103F-16F7-4668-BE54-9A1E7A4F7556}") = "ClearScriptTest.NetStandard", "NetStandard\ClearScriptTest.NetStandard\ClearScriptTest.NetStandard.csproj", "{BF28C9F2-2935-4FDE-B812-977D601F9208}"
	ProjectSection(ProjectDependencies) = postProject
		{6F6B59D0-6538-4D02-91D2-07D24DAFE39A} = {6F6B59D0-6538-4D02-91D2-07D24DAFE39A}
		{C0E7BCAD-B4B3-4291-A87A-384D5F99C413} = {C0E7BCAD-B4B3-4291-A87A-384D5F99C413}
		{EDC7144E-FDA9-4CC7-B2CD-B5EBFD610A7D} = {EDC7144E-FDA9-4CC7-B2CD-B5EBFD610A7D}
	EndProjectSection
EndProject
Project("{9A19103F-16F7-4668-BE54-9A1E7A4F7556}") = "ClearScriptTest.NetStandard", "Unix\ClearScriptTest.NetStandard\ClearScriptTest.NetStandard.csproj", "{EF6090B9-7349-4868-9C43-D7D3F048C54F}"
	ProjectSection(ProjectDependencies) = postProject
		{3CD8AB65-BA34-4BB9-862F-D31CE861560F} = {3CD8AB65-BA34-4BB9-862F-D31CE861560F}
		{EDC7144E-FDA9-4CC7-B2CD-B5EBFD610A7D} = {EDC7144E-FDA9-4CC7-B2CD-B5EBFD610A7D}
	EndProjectSection
EndProject
Project("{9A19103F-16F7-4668-BE54-9A1E7A4F7556}") = "ClearScriptConsole", "NetStandard\ClearScriptConsole\ClearScriptConsole.csproj", "{C0E7BCAD-B4B3-4291-A87A-384D5F99C413}"
	ProjectSection(ProjectDependencies) = postProject
		{28980C99-77E7-4B62-8484-AF06C5745B8C} = {28980C99-77E7-4B62-8484-AF06C5745B8C}
	EndProjectSection
EndProject
Project("{9A19103F-16F7-4668-BE54-9A1E7A4F7556}") = "ClearScript.V8.ICUData", "NetStandard\ClearScript.V8.ICUData\ClearScript.V8.ICUData.csproj", "{47FC5CB5-A6F2-4FEE-99F8-A758D3A7373C}"
EndProject
Global
	GlobalSection(SolutionConfigurationPlatforms) = preSolution
		Debug|Any CPU = Debug|Any CPU
		Debug|arm64 = Debug|arm64
		Debug|x64 = Debug|x64
		Debug|x86 = Debug|x86
		Release|Any CPU = Release|Any CPU
		Release|arm64 = Release|arm64
		Release|x64 = Release|x64
		Release|x86 = Release|x86
	EndGlobalSection
	GlobalSection(ProjectConfigurationPlatforms) = postSolution
		{EDC7144E-FDA9-4CC7-B2CD-B5EBFD610A7D}.Debug|Any CPU.ActiveCfg = Debug|Any CPU
		{EDC7144E-FDA9-4CC7-B2CD-B5EBFD610A7D}.Debug|Any CPU.Build.0 = Debug|Any CPU
		{EDC7144E-FDA9-4CC7-B2CD-B5EBFD610A7D}.Debug|arm64.ActiveCfg = Debug|Any CPU
		{EDC7144E-FDA9-4CC7-B2CD-B5EBFD610A7D}.Debug|arm64.Build.0 = Debug|Any CPU
		{EDC7144E-FDA9-4CC7-B2CD-B5EBFD610A7D}.Debug|x64.ActiveCfg = Debug|Any CPU
		{EDC7144E-FDA9-4CC7-B2CD-B5EBFD610A7D}.Debug|x64.Build.0 = Debug|Any CPU
		{EDC7144E-FDA9-4CC7-B2CD-B5EBFD610A7D}.Debug|x86.ActiveCfg = Debug|Any CPU
		{EDC7144E-FDA9-4CC7-B2CD-B5EBFD610A7D}.Debug|x86.Build.0 = Debug|Any CPU
		{EDC7144E-FDA9-4CC7-B2CD-B5EBFD610A7D}.Release|Any CPU.ActiveCfg = Release|Any CPU
		{EDC7144E-FDA9-4CC7-B2CD-B5EBFD610A7D}.Release|Any CPU.Build.0 = Release|Any CPU
		{EDC7144E-FDA9-4CC7-B2CD-B5EBFD610A7D}.Release|arm64.ActiveCfg = Release|Any CPU
		{EDC7144E-FDA9-4CC7-B2CD-B5EBFD610A7D}.Release|arm64.Build.0 = Release|Any CPU
		{EDC7144E-FDA9-4CC7-B2CD-B5EBFD610A7D}.Release|x64.ActiveCfg = Release|Any CPU
		{EDC7144E-FDA9-4CC7-B2CD-B5EBFD610A7D}.Release|x64.Build.0 = Release|Any CPU
		{EDC7144E-FDA9-4CC7-B2CD-B5EBFD610A7D}.Release|x86.ActiveCfg = Release|Any CPU
		{EDC7144E-FDA9-4CC7-B2CD-B5EBFD610A7D}.Release|x86.Build.0 = Release|Any CPU
		{28980C99-77E7-4B62-8484-AF06C5745B8C}.Debug|Any CPU.ActiveCfg = Debug|Any CPU
		{28980C99-77E7-4B62-8484-AF06C5745B8C}.Debug|Any CPU.Build.0 = Debug|Any CPU
		{28980C99-77E7-4B62-8484-AF06C5745B8C}.Debug|arm64.ActiveCfg = Debug|Any CPU
		{28980C99-77E7-4B62-8484-AF06C5745B8C}.Debug|arm64.Build.0 = Debug|Any CPU
		{28980C99-77E7-4B62-8484-AF06C5745B8C}.Debug|x64.ActiveCfg = Debug|Any CPU
		{28980C99-77E7-4B62-8484-AF06C5745B8C}.Debug|x64.Build.0 = Debug|Any CPU
		{28980C99-77E7-4B62-8484-AF06C5745B8C}.Debug|x86.ActiveCfg = Debug|Any CPU
		{28980C99-77E7-4B62-8484-AF06C5745B8C}.Debug|x86.Build.0 = Debug|Any CPU
		{28980C99-77E7-4B62-8484-AF06C5745B8C}.Release|Any CPU.ActiveCfg = Release|Any CPU
		{28980C99-77E7-4B62-8484-AF06C5745B8C}.Release|Any CPU.Build.0 = Release|Any CPU
		{28980C99-77E7-4B62-8484-AF06C5745B8C}.Release|arm64.ActiveCfg = Release|Any CPU
		{28980C99-77E7-4B62-8484-AF06C5745B8C}.Release|arm64.Build.0 = Release|Any CPU
		{28980C99-77E7-4B62-8484-AF06C5745B8C}.Release|x64.ActiveCfg = Release|Any CPU
		{28980C99-77E7-4B62-8484-AF06C5745B8C}.Release|x64.Build.0 = Release|Any CPU
		{28980C99-77E7-4B62-8484-AF06C5745B8C}.Release|x86.ActiveCfg = Release|Any CPU
		{28980C99-77E7-4B62-8484-AF06C5745B8C}.Release|x86.Build.0 = Release|Any CPU
		{7922A2F5-3585-4A60-98FB-1BDB4D5ECD29}.Debug|Any CPU.ActiveCfg = Debug|Any CPU
		{7922A2F5-3585-4A60-98FB-1BDB4D5ECD29}.Debug|Any CPU.Build.0 = Debug|Any CPU
		{7922A2F5-3585-4A60-98FB-1BDB4D5ECD29}.Debug|arm64.ActiveCfg = Debug|Any CPU
		{7922A2F5-3585-4A60-98FB-1BDB4D5ECD29}.Debug|arm64.Build.0 = Debug|Any CPU
		{7922A2F5-3585-4A60-98FB-1BDB4D5ECD29}.Debug|x64.ActiveCfg = Debug|Any CPU
		{7922A2F5-3585-4A60-98FB-1BDB4D5ECD29}.Debug|x64.Build.0 = Debug|Any CPU
		{7922A2F5-3585-4A60-98FB-1BDB4D5ECD29}.Debug|x86.ActiveCfg = Debug|Any CPU
		{7922A2F5-3585-4A60-98FB-1BDB4D5ECD29}.Debug|x86.Build.0 = Debug|Any CPU
		{7922A2F5-3585-4A60-98FB-1BDB4D5ECD29}.Release|Any CPU.ActiveCfg = Release|Any CPU
		{7922A2F5-3585-4A60-98FB-1BDB4D5ECD29}.Release|Any CPU.Build.0 = Release|Any CPU
		{7922A2F5-3585-4A60-98FB-1BDB4D5ECD29}.Release|arm64.ActiveCfg = Release|Any CPU
		{7922A2F5-3585-4A60-98FB-1BDB4D5ECD29}.Release|arm64.Build.0 = Release|Any CPU
		{7922A2F5-3585-4A60-98FB-1BDB4D5ECD29}.Release|x64.ActiveCfg = Release|Any CPU
		{7922A2F5-3585-4A60-98FB-1BDB4D5ECD29}.Release|x64.Build.0 = Release|Any CPU
		{7922A2F5-3585-4A60-98FB-1BDB4D5ECD29}.Release|x86.ActiveCfg = Release|Any CPU
		{7922A2F5-3585-4A60-98FB-1BDB4D5ECD29}.Release|x86.Build.0 = Release|Any CPU
		{497012BC-959C-43A0-90A6-156A35DF2F43}.Debug|Any CPU.ActiveCfg = Debug|Any CPU
		{497012BC-959C-43A0-90A6-156A35DF2F43}.Debug|Any CPU.Build.0 = Debug|Any CPU
		{497012BC-959C-43A0-90A6-156A35DF2F43}.Debug|arm64.ActiveCfg = Debug|Any CPU
		{497012BC-959C-43A0-90A6-156A35DF2F43}.Debug|arm64.Build.0 = Debug|Any CPU
		{497012BC-959C-43A0-90A6-156A35DF2F43}.Debug|x64.ActiveCfg = Debug|Any CPU
		{497012BC-959C-43A0-90A6-156A35DF2F43}.Debug|x64.Build.0 = Debug|Any CPU
		{497012BC-959C-43A0-90A6-156A35DF2F43}.Debug|x86.ActiveCfg = Debug|Any CPU
		{497012BC-959C-43A0-90A6-156A35DF2F43}.Debug|x86.Build.0 = Debug|Any CPU
		{497012BC-959C-43A0-90A6-156A35DF2F43}.Release|Any CPU.ActiveCfg = Release|Any CPU
		{497012BC-959C-43A0-90A6-156A35DF2F43}.Release|Any CPU.Build.0 = Release|Any CPU
		{497012BC-959C-43A0-90A6-156A35DF2F43}.Release|arm64.ActiveCfg = Release|Any CPU
		{497012BC-959C-43A0-90A6-156A35DF2F43}.Release|arm64.Build.0 = Release|Any CPU
		{497012BC-959C-43A0-90A6-156A35DF2F43}.Release|x64.ActiveCfg = Release|Any CPU
		{497012BC-959C-43A0-90A6-156A35DF2F43}.Release|x64.Build.0 = Release|Any CPU
		{497012BC-959C-43A0-90A6-156A35DF2F43}.Release|x86.ActiveCfg = Release|Any CPU
		{497012BC-959C-43A0-90A6-156A35DF2F43}.Release|x86.Build.0 = Release|Any CPU
		{269669D3-78D8-4AF3-A2AF-08D3446BD6BC}.Debug|Any CPU.ActiveCfg = Debug|Any CPU
		{269669D3-78D8-4AF3-A2AF-08D3446BD6BC}.Debug|Any CPU.Build.0 = Debug|Any CPU
		{269669D3-78D8-4AF3-A2AF-08D3446BD6BC}.Debug|arm64.ActiveCfg = Debug|Any CPU
		{269669D3-78D8-4AF3-A2AF-08D3446BD6BC}.Debug|arm64.Build.0 = Debug|Any CPU
		{269669D3-78D8-4AF3-A2AF-08D3446BD6BC}.Debug|x64.ActiveCfg = Debug|Any CPU
		{269669D3-78D8-4AF3-A2AF-08D3446BD6BC}.Debug|x64.Build.0 = Debug|Any CPU
		{269669D3-78D8-4AF3-A2AF-08D3446BD6BC}.Debug|x86.ActiveCfg = Debug|Any CPU
		{269669D3-78D8-4AF3-A2AF-08D3446BD6BC}.Debug|x86.Build.0 = Debug|Any CPU
		{269669D3-78D8-4AF3-A2AF-08D3446BD6BC}.Release|Any CPU.ActiveCfg = Release|Any CPU
		{269669D3-78D8-4AF3-A2AF-08D3446BD6BC}.Release|Any CPU.Build.0 = Release|Any CPU
		{269669D3-78D8-4AF3-A2AF-08D3446BD6BC}.Release|arm64.ActiveCfg = Release|Any CPU
		{269669D3-78D8-4AF3-A2AF-08D3446BD6BC}.Release|arm64.Build.0 = Release|Any CPU
		{269669D3-78D8-4AF3-A2AF-08D3446BD6BC}.Release|x64.ActiveCfg = Release|Any CPU
		{269669D3-78D8-4AF3-A2AF-08D3446BD6BC}.Release|x64.Build.0 = Release|Any CPU
		{269669D3-78D8-4AF3-A2AF-08D3446BD6BC}.Release|x86.ActiveCfg = Release|Any CPU
		{269669D3-78D8-4AF3-A2AF-08D3446BD6BC}.Release|x86.Build.0 = Release|Any CPU
		{925DD842-4585-4D44-80BB-78E1FB7E9438}.Debug|Any CPU.ActiveCfg = Debug|Any CPU
		{925DD842-4585-4D44-80BB-78E1FB7E9438}.Debug|Any CPU.Build.0 = Debug|Any CPU
		{925DD842-4585-4D44-80BB-78E1FB7E9438}.Debug|arm64.ActiveCfg = Debug|Any CPU
		{925DD842-4585-4D44-80BB-78E1FB7E9438}.Debug|arm64.Build.0 = Debug|Any CPU
		{925DD842-4585-4D44-80BB-78E1FB7E9438}.Debug|x64.ActiveCfg = Debug|Any CPU
		{925DD842-4585-4D44-80BB-78E1FB7E9438}.Debug|x64.Build.0 = Debug|Any CPU
		{925DD842-4585-4D44-80BB-78E1FB7E9438}.Debug|x86.ActiveCfg = Debug|Any CPU
		{925DD842-4585-4D44-80BB-78E1FB7E9438}.Debug|x86.Build.0 = Debug|Any CPU
		{925DD842-4585-4D44-80BB-78E1FB7E9438}.Release|Any CPU.ActiveCfg = Release|Any CPU
		{925DD842-4585-4D44-80BB-78E1FB7E9438}.Release|Any CPU.Build.0 = Release|Any CPU
		{925DD842-4585-4D44-80BB-78E1FB7E9438}.Release|arm64.ActiveCfg = Release|Any CPU
		{925DD842-4585-4D44-80BB-78E1FB7E9438}.Release|arm64.Build.0 = Release|Any CPU
		{925DD842-4585-4D44-80BB-78E1FB7E9438}.Release|x64.ActiveCfg = Release|Any CPU
		{925DD842-4585-4D44-80BB-78E1FB7E9438}.Release|x64.Build.0 = Release|Any CPU
		{925DD842-4585-4D44-80BB-78E1FB7E9438}.Release|x86.ActiveCfg = Release|Any CPU
		{925DD842-4585-4D44-80BB-78E1FB7E9438}.Release|x86.Build.0 = Release|Any CPU
		{2D63EA35-BA9C-4E77-B5A4-4938DBBFEFA6}.Debug|Any CPU.ActiveCfg = Debug|Win32
		{2D63EA35-BA9C-4E77-B5A4-4938DBBFEFA6}.Debug|Any CPU.Build.0 = Debug|Win32
		{2D63EA35-BA9C-4E77-B5A4-4938DBBFEFA6}.Debug|arm64.ActiveCfg = Debug|Win32
		{2D63EA35-BA9C-4E77-B5A4-4938DBBFEFA6}.Debug|arm64.Build.0 = Debug|Win32
		{2D63EA35-BA9C-4E77-B5A4-4938DBBFEFA6}.Debug|x64.ActiveCfg = Debug|Win32
		{2D63EA35-BA9C-4E77-B5A4-4938DBBFEFA6}.Debug|x64.Build.0 = Debug|Win32
		{2D63EA35-BA9C-4E77-B5A4-4938DBBFEFA6}.Debug|x86.ActiveCfg = Debug|Win32
		{2D63EA35-BA9C-4E77-B5A4-4938DBBFEFA6}.Debug|x86.Build.0 = Debug|Win32
		{2D63EA35-BA9C-4E77-B5A4-4938DBBFEFA6}.Release|Any CPU.ActiveCfg = Release|Win32
		{2D63EA35-BA9C-4E77-B5A4-4938DBBFEFA6}.Release|Any CPU.Build.0 = Release|Win32
		{2D63EA35-BA9C-4E77-B5A4-4938DBBFEFA6}.Release|arm64.ActiveCfg = Release|Win32
		{2D63EA35-BA9C-4E77-B5A4-4938DBBFEFA6}.Release|arm64.Build.0 = Release|Win32
		{2D63EA35-BA9C-4E77-B5A4-4938DBBFEFA6}.Release|x64.ActiveCfg = Release|Win32
		{2D63EA35-BA9C-4E77-B5A4-4938DBBFEFA6}.Release|x64.Build.0 = Release|Win32
		{2D63EA35-BA9C-4E77-B5A4-4938DBBFEFA6}.Release|x86.ActiveCfg = Release|Win32
		{2D63EA35-BA9C-4E77-B5A4-4938DBBFEFA6}.Release|x86.Build.0 = Release|Win32
		{CDCF4EEA-1CA4-412E-8C77-78893A67A577}.Debug|Any CPU.ActiveCfg = Debug|x64
		{CDCF4EEA-1CA4-412E-8C77-78893A67A577}.Debug|Any CPU.Build.0 = Debug|x64
		{CDCF4EEA-1CA4-412E-8C77-78893A67A577}.Debug|arm64.ActiveCfg = Debug|x64
		{CDCF4EEA-1CA4-412E-8C77-78893A67A577}.Debug|arm64.Build.0 = Debug|x64
		{CDCF4EEA-1CA4-412E-8C77-78893A67A577}.Debug|x64.ActiveCfg = Debug|x64
		{CDCF4EEA-1CA4-412E-8C77-78893A67A577}.Debug|x64.Build.0 = Debug|x64
		{CDCF4EEA-1CA4-412E-8C77-78893A67A577}.Debug|x86.ActiveCfg = Debug|x64
		{CDCF4EEA-1CA4-412E-8C77-78893A67A577}.Debug|x86.Build.0 = Debug|x64
		{CDCF4EEA-1CA4-412E-8C77-78893A67A577}.Release|Any CPU.ActiveCfg = Release|x64
		{CDCF4EEA-1CA4-412E-8C77-78893A67A577}.Release|Any CPU.Build.0 = Release|x64
		{CDCF4EEA-1CA4-412E-8C77-78893A67A577}.Release|arm64.ActiveCfg = Release|x64
		{CDCF4EEA-1CA4-412E-8C77-78893A67A577}.Release|arm64.Build.0 = Release|x64
		{CDCF4EEA-1CA4-412E-8C77-78893A67A577}.Release|x64.ActiveCfg = Release|x64
		{CDCF4EEA-1CA4-412E-8C77-78893A67A577}.Release|x64.Build.0 = Release|x64
		{CDCF4EEA-1CA4-412E-8C77-78893A67A577}.Release|x86.ActiveCfg = Release|x64
		{CDCF4EEA-1CA4-412E-8C77-78893A67A577}.Release|x86.Build.0 = Release|x64
		{F1022C3F-AFBC-4F23-B4DE-C6C0742AEFF2}.Debug|Any CPU.ActiveCfg = Debug|Any CPU
		{F1022C3F-AFBC-4F23-B4DE-C6C0742AEFF2}.Debug|Any CPU.Build.0 = Debug|Any CPU
		{F1022C3F-AFBC-4F23-B4DE-C6C0742AEFF2}.Debug|arm64.ActiveCfg = Debug|Any CPU
		{F1022C3F-AFBC-4F23-B4DE-C6C0742AEFF2}.Debug|arm64.Build.0 = Debug|Any CPU
		{F1022C3F-AFBC-4F23-B4DE-C6C0742AEFF2}.Debug|x64.ActiveCfg = Debug|Any CPU
		{F1022C3F-AFBC-4F23-B4DE-C6C0742AEFF2}.Debug|x64.Build.0 = Debug|Any CPU
		{F1022C3F-AFBC-4F23-B4DE-C6C0742AEFF2}.Debug|x86.ActiveCfg = Debug|Any CPU
		{F1022C3F-AFBC-4F23-B4DE-C6C0742AEFF2}.Debug|x86.Build.0 = Debug|Any CPU
		{F1022C3F-AFBC-4F23-B4DE-C6C0742AEFF2}.Release|Any CPU.ActiveCfg = Release|Any CPU
		{F1022C3F-AFBC-4F23-B4DE-C6C0742AEFF2}.Release|Any CPU.Build.0 = Release|Any CPU
		{F1022C3F-AFBC-4F23-B4DE-C6C0742AEFF2}.Release|arm64.ActiveCfg = Release|Any CPU
		{F1022C3F-AFBC-4F23-B4DE-C6C0742AEFF2}.Release|arm64.Build.0 = Release|Any CPU
		{F1022C3F-AFBC-4F23-B4DE-C6C0742AEFF2}.Release|x64.ActiveCfg = Release|Any CPU
		{F1022C3F-AFBC-4F23-B4DE-C6C0742AEFF2}.Release|x64.Build.0 = Release|Any CPU
		{F1022C3F-AFBC-4F23-B4DE-C6C0742AEFF2}.Release|x86.ActiveCfg = Release|Any CPU
		{F1022C3F-AFBC-4F23-B4DE-C6C0742AEFF2}.Release|x86.Build.0 = Release|Any CPU
		{BC560FF8-AB7A-4DA9-A1FD-99221447D370}.Debug|Any CPU.ActiveCfg = Debug|Any CPU
		{BC560FF8-AB7A-4DA9-A1FD-99221447D370}.Debug|Any CPU.Build.0 = Debug|Any CPU
		{BC560FF8-AB7A-4DA9-A1FD-99221447D370}.Debug|arm64.ActiveCfg = Debug|Any CPU
		{BC560FF8-AB7A-4DA9-A1FD-99221447D370}.Debug|arm64.Build.0 = Debug|Any CPU
		{BC560FF8-AB7A-4DA9-A1FD-99221447D370}.Debug|x64.ActiveCfg = Debug|Any CPU
		{BC560FF8-AB7A-4DA9-A1FD-99221447D370}.Debug|x64.Build.0 = Debug|Any CPU
		{BC560FF8-AB7A-4DA9-A1FD-99221447D370}.Debug|x86.ActiveCfg = Debug|Any CPU
		{BC560FF8-AB7A-4DA9-A1FD-99221447D370}.Debug|x86.Build.0 = Debug|Any CPU
		{BC560FF8-AB7A-4DA9-A1FD-99221447D370}.Release|Any CPU.ActiveCfg = Release|Any CPU
		{BC560FF8-AB7A-4DA9-A1FD-99221447D370}.Release|Any CPU.Build.0 = Release|Any CPU
		{BC560FF8-AB7A-4DA9-A1FD-99221447D370}.Release|arm64.ActiveCfg = Release|Any CPU
		{BC560FF8-AB7A-4DA9-A1FD-99221447D370}.Release|arm64.Build.0 = Release|Any CPU
		{BC560FF8-AB7A-4DA9-A1FD-99221447D370}.Release|x64.ActiveCfg = Release|Any CPU
		{BC560FF8-AB7A-4DA9-A1FD-99221447D370}.Release|x64.Build.0 = Release|Any CPU
		{BC560FF8-AB7A-4DA9-A1FD-99221447D370}.Release|x86.ActiveCfg = Release|Any CPU
		{BC560FF8-AB7A-4DA9-A1FD-99221447D370}.Release|x86.Build.0 = Release|Any CPU
		{59CC81A3-3D97-469A-9C8B-533F920085F1}.Debug|Any CPU.ActiveCfg = Debug|Any CPU
		{59CC81A3-3D97-469A-9C8B-533F920085F1}.Debug|Any CPU.Build.0 = Debug|Any CPU
		{59CC81A3-3D97-469A-9C8B-533F920085F1}.Debug|arm64.ActiveCfg = Debug|Any CPU
		{59CC81A3-3D97-469A-9C8B-533F920085F1}.Debug|arm64.Build.0 = Debug|Any CPU
		{59CC81A3-3D97-469A-9C8B-533F920085F1}.Debug|x64.ActiveCfg = Debug|Any CPU
		{59CC81A3-3D97-469A-9C8B-533F920085F1}.Debug|x64.Build.0 = Debug|Any CPU
		{59CC81A3-3D97-469A-9C8B-533F920085F1}.Debug|x86.ActiveCfg = Debug|Any CPU
		{59CC81A3-3D97-469A-9C8B-533F920085F1}.Debug|x86.Build.0 = Debug|Any CPU
		{59CC81A3-3D97-469A-9C8B-533F920085F1}.Release|Any CPU.ActiveCfg = Release|Any CPU
		{59CC81A3-3D97-469A-9C8B-533F920085F1}.Release|Any CPU.Build.0 = Release|Any CPU
		{59CC81A3-3D97-469A-9C8B-533F920085F1}.Release|arm64.ActiveCfg = Release|Any CPU
		{59CC81A3-3D97-469A-9C8B-533F920085F1}.Release|arm64.Build.0 = Release|Any CPU
		{59CC81A3-3D97-469A-9C8B-533F920085F1}.Release|x64.ActiveCfg = Release|Any CPU
		{59CC81A3-3D97-469A-9C8B-533F920085F1}.Release|x64.Build.0 = Release|Any CPU
		{59CC81A3-3D97-469A-9C8B-533F920085F1}.Release|x86.ActiveCfg = Release|Any CPU
		{59CC81A3-3D97-469A-9C8B-533F920085F1}.Release|x86.Build.0 = Release|Any CPU
		{7B3EA81F-F60B-46DB-B3F0-22F68E8A8FAD}.Debug|Any CPU.ActiveCfg = Debug|Any CPU
		{7B3EA81F-F60B-46DB-B3F0-22F68E8A8FAD}.Debug|Any CPU.Build.0 = Debug|Any CPU
		{7B3EA81F-F60B-46DB-B3F0-22F68E8A8FAD}.Debug|arm64.ActiveCfg = Debug|Any CPU
		{7B3EA81F-F60B-46DB-B3F0-22F68E8A8FAD}.Debug|arm64.Build.0 = Debug|Any CPU
		{7B3EA81F-F60B-46DB-B3F0-22F68E8A8FAD}.Debug|x64.ActiveCfg = Debug|Any CPU
		{7B3EA81F-F60B-46DB-B3F0-22F68E8A8FAD}.Debug|x64.Build.0 = Debug|Any CPU
		{7B3EA81F-F60B-46DB-B3F0-22F68E8A8FAD}.Debug|x86.ActiveCfg = Debug|Any CPU
		{7B3EA81F-F60B-46DB-B3F0-22F68E8A8FAD}.Debug|x86.Build.0 = Debug|Any CPU
		{7B3EA81F-F60B-46DB-B3F0-22F68E8A8FAD}.Release|Any CPU.ActiveCfg = Release|Any CPU
		{7B3EA81F-F60B-46DB-B3F0-22F68E8A8FAD}.Release|Any CPU.Build.0 = Release|Any CPU
		{7B3EA81F-F60B-46DB-B3F0-22F68E8A8FAD}.Release|arm64.ActiveCfg = Release|Any CPU
		{7B3EA81F-F60B-46DB-B3F0-22F68E8A8FAD}.Release|arm64.Build.0 = Release|Any CPU
		{7B3EA81F-F60B-46DB-B3F0-22F68E8A8FAD}.Release|x64.ActiveCfg = Release|Any CPU
		{7B3EA81F-F60B-46DB-B3F0-22F68E8A8FAD}.Release|x64.Build.0 = Release|Any CPU
		{7B3EA81F-F60B-46DB-B3F0-22F68E8A8FAD}.Release|x86.ActiveCfg = Release|Any CPU
		{7B3EA81F-F60B-46DB-B3F0-22F68E8A8FAD}.Release|x86.Build.0 = Release|Any CPU
		{6576FFFD-BA73-4123-8E4B-8589E5163C04}.Debug|Any CPU.ActiveCfg = Debug|Any CPU
		{6576FFFD-BA73-4123-8E4B-8589E5163C04}.Debug|Any CPU.Build.0 = Debug|Any CPU
		{6576FFFD-BA73-4123-8E4B-8589E5163C04}.Debug|arm64.ActiveCfg = Debug|Any CPU
		{6576FFFD-BA73-4123-8E4B-8589E5163C04}.Debug|arm64.Build.0 = Debug|Any CPU
		{6576FFFD-BA73-4123-8E4B-8589E5163C04}.Debug|x64.ActiveCfg = Debug|Any CPU
		{6576FFFD-BA73-4123-8E4B-8589E5163C04}.Debug|x64.Build.0 = Debug|Any CPU
		{6576FFFD-BA73-4123-8E4B-8589E5163C04}.Debug|x86.ActiveCfg = Debug|Any CPU
		{6576FFFD-BA73-4123-8E4B-8589E5163C04}.Debug|x86.Build.0 = Debug|Any CPU
		{6576FFFD-BA73-4123-8E4B-8589E5163C04}.Release|Any CPU.ActiveCfg = Release|Any CPU
		{6576FFFD-BA73-4123-8E4B-8589E5163C04}.Release|Any CPU.Build.0 = Release|Any CPU
		{6576FFFD-BA73-4123-8E4B-8589E5163C04}.Release|arm64.ActiveCfg = Release|Any CPU
		{6576FFFD-BA73-4123-8E4B-8589E5163C04}.Release|arm64.Build.0 = Release|Any CPU
		{6576FFFD-BA73-4123-8E4B-8589E5163C04}.Release|x64.ActiveCfg = Release|Any CPU
		{6576FFFD-BA73-4123-8E4B-8589E5163C04}.Release|x64.Build.0 = Release|Any CPU
		{6576FFFD-BA73-4123-8E4B-8589E5163C04}.Release|x86.ActiveCfg = Release|Any CPU
		{6576FFFD-BA73-4123-8E4B-8589E5163C04}.Release|x86.Build.0 = Release|Any CPU
		{C8AE52BB-BFEE-4816-A9FE-8653CEE36C96}.Debug|Any CPU.ActiveCfg = Debug|Any CPU
		{C8AE52BB-BFEE-4816-A9FE-8653CEE36C96}.Debug|Any CPU.Build.0 = Debug|Any CPU
		{C8AE52BB-BFEE-4816-A9FE-8653CEE36C96}.Debug|arm64.ActiveCfg = Debug|Any CPU
		{C8AE52BB-BFEE-4816-A9FE-8653CEE36C96}.Debug|arm64.Build.0 = Debug|Any CPU
		{C8AE52BB-BFEE-4816-A9FE-8653CEE36C96}.Debug|x64.ActiveCfg = Debug|Any CPU
		{C8AE52BB-BFEE-4816-A9FE-8653CEE36C96}.Debug|x64.Build.0 = Debug|Any CPU
		{C8AE52BB-BFEE-4816-A9FE-8653CEE36C96}.Debug|x86.ActiveCfg = Debug|Any CPU
		{C8AE52BB-BFEE-4816-A9FE-8653CEE36C96}.Debug|x86.Build.0 = Debug|Any CPU
		{C8AE52BB-BFEE-4816-A9FE-8653CEE36C96}.Release|Any CPU.ActiveCfg = Release|Any CPU
		{C8AE52BB-BFEE-4816-A9FE-8653CEE36C96}.Release|Any CPU.Build.0 = Release|Any CPU
		{C8AE52BB-BFEE-4816-A9FE-8653CEE36C96}.Release|arm64.ActiveCfg = Release|Any CPU
		{C8AE52BB-BFEE-4816-A9FE-8653CEE36C96}.Release|arm64.Build.0 = Release|Any CPU
		{C8AE52BB-BFEE-4816-A9FE-8653CEE36C96}.Release|x64.ActiveCfg = Release|Any CPU
		{C8AE52BB-BFEE-4816-A9FE-8653CEE36C96}.Release|x64.Build.0 = Release|Any CPU
		{C8AE52BB-BFEE-4816-A9FE-8653CEE36C96}.Release|x86.ActiveCfg = Release|Any CPU
		{C8AE52BB-BFEE-4816-A9FE-8653CEE36C96}.Release|x86.Build.0 = Release|Any CPU
		{FDFA67F7-AEE6-407A-BF94-ACAD3D735CAB}.Debug|Any CPU.ActiveCfg = Debug|Any CPU
		{FDFA67F7-AEE6-407A-BF94-ACAD3D735CAB}.Debug|Any CPU.Build.0 = Debug|Any CPU
		{FDFA67F7-AEE6-407A-BF94-ACAD3D735CAB}.Debug|arm64.ActiveCfg = Debug|Any CPU
		{FDFA67F7-AEE6-407A-BF94-ACAD3D735CAB}.Debug|arm64.Build.0 = Debug|Any CPU
		{FDFA67F7-AEE6-407A-BF94-ACAD3D735CAB}.Debug|x64.ActiveCfg = Debug|Any CPU
		{FDFA67F7-AEE6-407A-BF94-ACAD3D735CAB}.Debug|x64.Build.0 = Debug|Any CPU
		{FDFA67F7-AEE6-407A-BF94-ACAD3D735CAB}.Debug|x86.ActiveCfg = Debug|Any CPU
		{FDFA67F7-AEE6-407A-BF94-ACAD3D735CAB}.Debug|x86.Build.0 = Debug|Any CPU
		{FDFA67F7-AEE6-407A-BF94-ACAD3D735CAB}.Release|Any CPU.ActiveCfg = Release|Any CPU
		{FDFA67F7-AEE6-407A-BF94-ACAD3D735CAB}.Release|Any CPU.Build.0 = Release|Any CPU
		{FDFA67F7-AEE6-407A-BF94-ACAD3D735CAB}.Release|arm64.ActiveCfg = Release|Any CPU
		{FDFA67F7-AEE6-407A-BF94-ACAD3D735CAB}.Release|arm64.Build.0 = Release|Any CPU
		{FDFA67F7-AEE6-407A-BF94-ACAD3D735CAB}.Release|x64.ActiveCfg = Release|Any CPU
		{FDFA67F7-AEE6-407A-BF94-ACAD3D735CAB}.Release|x64.Build.0 = Release|Any CPU
		{FDFA67F7-AEE6-407A-BF94-ACAD3D735CAB}.Release|x86.ActiveCfg = Release|Any CPU
		{FDFA67F7-AEE6-407A-BF94-ACAD3D735CAB}.Release|x86.Build.0 = Release|Any CPU
		{3CD8AB65-BA34-4BB9-862F-D31CE861560F}.Debug|Any CPU.ActiveCfg = Debug|Any CPU
		{3CD8AB65-BA34-4BB9-862F-D31CE861560F}.Debug|Any CPU.Build.0 = Debug|Any CPU
		{3CD8AB65-BA34-4BB9-862F-D31CE861560F}.Debug|arm64.ActiveCfg = Debug|Any CPU
		{3CD8AB65-BA34-4BB9-862F-D31CE861560F}.Debug|arm64.Build.0 = Debug|Any CPU
		{3CD8AB65-BA34-4BB9-862F-D31CE861560F}.Debug|x64.ActiveCfg = Debug|Any CPU
		{3CD8AB65-BA34-4BB9-862F-D31CE861560F}.Debug|x64.Build.0 = Debug|Any CPU
		{3CD8AB65-BA34-4BB9-862F-D31CE861560F}.Debug|x86.ActiveCfg = Debug|Any CPU
		{3CD8AB65-BA34-4BB9-862F-D31CE861560F}.Debug|x86.Build.0 = Debug|Any CPU
		{3CD8AB65-BA34-4BB9-862F-D31CE861560F}.Release|Any CPU.ActiveCfg = Release|Any CPU
		{3CD8AB65-BA34-4BB9-862F-D31CE861560F}.Release|Any CPU.Build.0 = Release|Any CPU
		{3CD8AB65-BA34-4BB9-862F-D31CE861560F}.Release|arm64.ActiveCfg = Release|Any CPU
		{3CD8AB65-BA34-4BB9-862F-D31CE861560F}.Release|arm64.Build.0 = Release|Any CPU
		{3CD8AB65-BA34-4BB9-862F-D31CE861560F}.Release|x64.ActiveCfg = Release|Any CPU
		{3CD8AB65-BA34-4BB9-862F-D31CE861560F}.Release|x64.Build.0 = Release|Any CPU
		{3CD8AB65-BA34-4BB9-862F-D31CE861560F}.Release|x86.ActiveCfg = Release|Any CPU
		{3CD8AB65-BA34-4BB9-862F-D31CE861560F}.Release|x86.Build.0 = Release|Any CPU
		{052E036D-6D60-4FCA-AA8E-4CF56BC2058D}.Debug|Any CPU.ActiveCfg = Debug|Any CPU
		{052E036D-6D60-4FCA-AA8E-4CF56BC2058D}.Debug|Any CPU.Build.0 = Debug|Any CPU
		{052E036D-6D60-4FCA-AA8E-4CF56BC2058D}.Debug|arm64.ActiveCfg = Debug|Any CPU
		{052E036D-6D60-4FCA-AA8E-4CF56BC2058D}.Debug|arm64.Build.0 = Debug|Any CPU
		{052E036D-6D60-4FCA-AA8E-4CF56BC2058D}.Debug|x64.ActiveCfg = Debug|Any CPU
		{052E036D-6D60-4FCA-AA8E-4CF56BC2058D}.Debug|x64.Build.0 = Debug|Any CPU
		{052E036D-6D60-4FCA-AA8E-4CF56BC2058D}.Debug|x86.ActiveCfg = Debug|Any CPU
		{052E036D-6D60-4FCA-AA8E-4CF56BC2058D}.Debug|x86.Build.0 = Debug|Any CPU
		{052E036D-6D60-4FCA-AA8E-4CF56BC2058D}.Release|Any CPU.ActiveCfg = Release|Any CPU
		{052E036D-6D60-4FCA-AA8E-4CF56BC2058D}.Release|Any CPU.Build.0 = Release|Any CPU
		{052E036D-6D60-4FCA-AA8E-4CF56BC2058D}.Release|arm64.ActiveCfg = Release|Any CPU
		{052E036D-6D60-4FCA-AA8E-4CF56BC2058D}.Release|arm64.Build.0 = Release|Any CPU
		{052E036D-6D60-4FCA-AA8E-4CF56BC2058D}.Release|x64.ActiveCfg = Release|Any CPU
		{052E036D-6D60-4FCA-AA8E-4CF56BC2058D}.Release|x64.Build.0 = Release|Any CPU
		{052E036D-6D60-4FCA-AA8E-4CF56BC2058D}.Release|x86.ActiveCfg = Release|Any CPU
		{052E036D-6D60-4FCA-AA8E-4CF56BC2058D}.Release|x86.Build.0 = Release|Any CPU
		{725B6D7A-ECC7-4A28-AF52-B1CB22C37134}.Debug|Any CPU.ActiveCfg = Debug|arm64
		{725B6D7A-ECC7-4A28-AF52-B1CB22C37134}.Debug|Any CPU.Build.0 = Debug|arm64
		{725B6D7A-ECC7-4A28-AF52-B1CB22C37134}.Debug|arm64.ActiveCfg = Debug|arm64
		{725B6D7A-ECC7-4A28-AF52-B1CB22C37134}.Debug|arm64.Build.0 = Debug|arm64
		{725B6D7A-ECC7-4A28-AF52-B1CB22C37134}.Debug|x64.ActiveCfg = Debug|arm64
		{725B6D7A-ECC7-4A28-AF52-B1CB22C37134}.Debug|x64.Build.0 = Debug|arm64
		{725B6D7A-ECC7-4A28-AF52-B1CB22C37134}.Debug|x86.ActiveCfg = Debug|arm64
		{725B6D7A-ECC7-4A28-AF52-B1CB22C37134}.Debug|x86.Build.0 = Debug|arm64
		{725B6D7A-ECC7-4A28-AF52-B1CB22C37134}.Release|Any CPU.ActiveCfg = Release|arm64
		{725B6D7A-ECC7-4A28-AF52-B1CB22C37134}.Release|Any CPU.Build.0 = Release|arm64
		{725B6D7A-ECC7-4A28-AF52-B1CB22C37134}.Release|arm64.ActiveCfg = Release|arm64
		{725B6D7A-ECC7-4A28-AF52-B1CB22C37134}.Release|arm64.Build.0 = Release|arm64
		{725B6D7A-ECC7-4A28-AF52-B1CB22C37134}.Release|x64.ActiveCfg = Release|arm64
		{725B6D7A-ECC7-4A28-AF52-B1CB22C37134}.Release|x64.Build.0 = Release|arm64
		{725B6D7A-ECC7-4A28-AF52-B1CB22C37134}.Release|x86.ActiveCfg = Release|arm64
		{725B6D7A-ECC7-4A28-AF52-B1CB22C37134}.Release|x86.Build.0 = Release|arm64
		{D3391831-65CE-4C1E-A21B-01A283F3E193}.Debug|Any CPU.ActiveCfg = Debug|Any CPU
		{D3391831-65CE-4C1E-A21B-01A283F3E193}.Debug|Any CPU.Build.0 = Debug|Any CPU
		{D3391831-65CE-4C1E-A21B-01A283F3E193}.Debug|arm64.ActiveCfg = Debug|Any CPU
		{D3391831-65CE-4C1E-A21B-01A283F3E193}.Debug|arm64.Build.0 = Debug|Any CPU
		{D3391831-65CE-4C1E-A21B-01A283F3E193}.Debug|x64.ActiveCfg = Debug|Any CPU
		{D3391831-65CE-4C1E-A21B-01A283F3E193}.Debug|x64.Build.0 = Debug|Any CPU
		{D3391831-65CE-4C1E-A21B-01A283F3E193}.Debug|x86.ActiveCfg = Debug|Any CPU
		{D3391831-65CE-4C1E-A21B-01A283F3E193}.Debug|x86.Build.0 = Debug|Any CPU
		{D3391831-65CE-4C1E-A21B-01A283F3E193}.Release|Any CPU.ActiveCfg = Release|Any CPU
		{D3391831-65CE-4C1E-A21B-01A283F3E193}.Release|Any CPU.Build.0 = Release|Any CPU
		{D3391831-65CE-4C1E-A21B-01A283F3E193}.Release|arm64.ActiveCfg = Release|Any CPU
		{D3391831-65CE-4C1E-A21B-01A283F3E193}.Release|arm64.Build.0 = Release|Any CPU
		{D3391831-65CE-4C1E-A21B-01A283F3E193}.Release|x64.ActiveCfg = Release|Any CPU
		{D3391831-65CE-4C1E-A21B-01A283F3E193}.Release|x64.Build.0 = Release|Any CPU
		{D3391831-65CE-4C1E-A21B-01A283F3E193}.Release|x86.ActiveCfg = Release|Any CPU
		{D3391831-65CE-4C1E-A21B-01A283F3E193}.Release|x86.Build.0 = Release|Any CPU
		{CF1FD52F-A933-48D9-92A4-A39565896A42}.Debug|Any CPU.ActiveCfg = Debug|Any CPU
		{CF1FD52F-A933-48D9-92A4-A39565896A42}.Debug|Any CPU.Build.0 = Debug|Any CPU
		{CF1FD52F-A933-48D9-92A4-A39565896A42}.Debug|arm64.ActiveCfg = Debug|Any CPU
		{CF1FD52F-A933-48D9-92A4-A39565896A42}.Debug|arm64.Build.0 = Debug|Any CPU
		{CF1FD52F-A933-48D9-92A4-A39565896A42}.Debug|x64.ActiveCfg = Debug|Any CPU
		{CF1FD52F-A933-48D9-92A4-A39565896A42}.Debug|x64.Build.0 = Debug|Any CPU
		{CF1FD52F-A933-48D9-92A4-A39565896A42}.Debug|x86.ActiveCfg = Debug|Any CPU
		{CF1FD52F-A933-48D9-92A4-A39565896A42}.Debug|x86.Build.0 = Debug|Any CPU
		{CF1FD52F-A933-48D9-92A4-A39565896A42}.Release|Any CPU.ActiveCfg = Release|Any CPU
		{CF1FD52F-A933-48D9-92A4-A39565896A42}.Release|Any CPU.Build.0 = Release|Any CPU
		{CF1FD52F-A933-48D9-92A4-A39565896A42}.Release|arm64.ActiveCfg = Release|Any CPU
		{CF1FD52F-A933-48D9-92A4-A39565896A42}.Release|arm64.Build.0 = Release|Any CPU
		{CF1FD52F-A933-48D9-92A4-A39565896A42}.Release|x64.ActiveCfg = Release|Any CPU
		{CF1FD52F-A933-48D9-92A4-A39565896A42}.Release|x64.Build.0 = Release|Any CPU
		{CF1FD52F-A933-48D9-92A4-A39565896A42}.Release|x86.ActiveCfg = Release|Any CPU
		{CF1FD52F-A933-48D9-92A4-A39565896A42}.Release|x86.Build.0 = Release|Any CPU
		{B9C99091-E616-4DC2-A711-4DCDAC602E38}.Debug|Any CPU.ActiveCfg = Debug|Any CPU
		{B9C99091-E616-4DC2-A711-4DCDAC602E38}.Debug|Any CPU.Build.0 = Debug|Any CPU
		{B9C99091-E616-4DC2-A711-4DCDAC602E38}.Debug|arm64.ActiveCfg = Debug|Any CPU
		{B9C99091-E616-4DC2-A711-4DCDAC602E38}.Debug|arm64.Build.0 = Debug|Any CPU
		{B9C99091-E616-4DC2-A711-4DCDAC602E38}.Debug|x64.ActiveCfg = Debug|Any CPU
		{B9C99091-E616-4DC2-A711-4DCDAC602E38}.Debug|x64.Build.0 = Debug|Any CPU
		{B9C99091-E616-4DC2-A711-4DCDAC602E38}.Debug|x86.ActiveCfg = Debug|Any CPU
		{B9C99091-E616-4DC2-A711-4DCDAC602E38}.Debug|x86.Build.0 = Debug|Any CPU
		{B9C99091-E616-4DC2-A711-4DCDAC602E38}.Release|Any CPU.ActiveCfg = Release|Any CPU
		{B9C99091-E616-4DC2-A711-4DCDAC602E38}.Release|Any CPU.Build.0 = Release|Any CPU
		{B9C99091-E616-4DC2-A711-4DCDAC602E38}.Release|arm64.ActiveCfg = Release|Any CPU
		{B9C99091-E616-4DC2-A711-4DCDAC602E38}.Release|arm64.Build.0 = Release|Any CPU
		{B9C99091-E616-4DC2-A711-4DCDAC602E38}.Release|x64.ActiveCfg = Release|Any CPU
		{B9C99091-E616-4DC2-A711-4DCDAC602E38}.Release|x64.Build.0 = Release|Any CPU
		{B9C99091-E616-4DC2-A711-4DCDAC602E38}.Release|x86.ActiveCfg = Release|Any CPU
		{B9C99091-E616-4DC2-A711-4DCDAC602E38}.Release|x86.Build.0 = Release|Any CPU
		{5FF9CB8B-BC95-44AB-B254-CEB4ADF4A53A}.Debug|Any CPU.ActiveCfg = Debug|Any CPU
		{5FF9CB8B-BC95-44AB-B254-CEB4ADF4A53A}.Debug|Any CPU.Build.0 = Debug|Any CPU
		{5FF9CB8B-BC95-44AB-B254-CEB4ADF4A53A}.Debug|arm64.ActiveCfg = Debug|Any CPU
		{5FF9CB8B-BC95-44AB-B254-CEB4ADF4A53A}.Debug|arm64.Build.0 = Debug|Any CPU
		{5FF9CB8B-BC95-44AB-B254-CEB4ADF4A53A}.Debug|x64.ActiveCfg = Debug|Any CPU
		{5FF9CB8B-BC95-44AB-B254-CEB4ADF4A53A}.Debug|x64.Build.0 = Debug|Any CPU
		{5FF9CB8B-BC95-44AB-B254-CEB4ADF4A53A}.Debug|x86.ActiveCfg = Debug|Any CPU
		{5FF9CB8B-BC95-44AB-B254-CEB4ADF4A53A}.Debug|x86.Build.0 = Debug|Any CPU
		{5FF9CB8B-BC95-44AB-B254-CEB4ADF4A53A}.Release|Any CPU.ActiveCfg = Release|Any CPU
		{5FF9CB8B-BC95-44AB-B254-CEB4ADF4A53A}.Release|Any CPU.Build.0 = Release|Any CPU
		{5FF9CB8B-BC95-44AB-B254-CEB4ADF4A53A}.Release|arm64.ActiveCfg = Release|Any CPU
		{5FF9CB8B-BC95-44AB-B254-CEB4ADF4A53A}.Release|arm64.Build.0 = Release|Any CPU
		{5FF9CB8B-BC95-44AB-B254-CEB4ADF4A53A}.Release|x64.ActiveCfg = Release|Any CPU
		{5FF9CB8B-BC95-44AB-B254-CEB4ADF4A53A}.Release|x64.Build.0 = Release|Any CPU
		{5FF9CB8B-BC95-44AB-B254-CEB4ADF4A53A}.Release|x86.ActiveCfg = Release|Any CPU
		{5FF9CB8B-BC95-44AB-B254-CEB4ADF4A53A}.Release|x86.Build.0 = Release|Any CPU
		{D757A0DB-AEBC-4D77-A187-A701B158D588}.Debug|Any CPU.ActiveCfg = Debug|Any CPU
		{D757A0DB-AEBC-4D77-A187-A701B158D588}.Debug|Any CPU.Build.0 = Debug|Any CPU
		{D757A0DB-AEBC-4D77-A187-A701B158D588}.Debug|arm64.ActiveCfg = Debug|Any CPU
		{D757A0DB-AEBC-4D77-A187-A701B158D588}.Debug|arm64.Build.0 = Debug|Any CPU
		{D757A0DB-AEBC-4D77-A187-A701B158D588}.Debug|x64.ActiveCfg = Debug|Any CPU
		{D757A0DB-AEBC-4D77-A187-A701B158D588}.Debug|x64.Build.0 = Debug|Any CPU
		{D757A0DB-AEBC-4D77-A187-A701B158D588}.Debug|x86.ActiveCfg = Debug|Any CPU
		{D757A0DB-AEBC-4D77-A187-A701B158D588}.Debug|x86.Build.0 = Debug|Any CPU
		{D757A0DB-AEBC-4D77-A187-A701B158D588}.Release|Any CPU.ActiveCfg = Release|Any CPU
		{D757A0DB-AEBC-4D77-A187-A701B158D588}.Release|Any CPU.Build.0 = Release|Any CPU
		{D757A0DB-AEBC-4D77-A187-A701B158D588}.Release|arm64.ActiveCfg = Release|Any CPU
		{D757A0DB-AEBC-4D77-A187-A701B158D588}.Release|arm64.Build.0 = Release|Any CPU
		{D757A0DB-AEBC-4D77-A187-A701B158D588}.Release|x64.ActiveCfg = Release|Any CPU
		{D757A0DB-AEBC-4D77-A187-A701B158D588}.Release|x64.Build.0 = Release|Any CPU
		{D757A0DB-AEBC-4D77-A187-A701B158D588}.Release|x86.ActiveCfg = Release|Any CPU
		{D757A0DB-AEBC-4D77-A187-A701B158D588}.Release|x86.Build.0 = Release|Any CPU
		{0DEC74E5-FF8A-4B61-B847-875BAD0AE781}.Debug|Any CPU.ActiveCfg = Debug|Any CPU
		{0DEC74E5-FF8A-4B61-B847-875BAD0AE781}.Debug|Any CPU.Build.0 = Debug|Any CPU
		{0DEC74E5-FF8A-4B61-B847-875BAD0AE781}.Debug|arm64.ActiveCfg = Debug|Any CPU
		{0DEC74E5-FF8A-4B61-B847-875BAD0AE781}.Debug|arm64.Build.0 = Debug|Any CPU
		{0DEC74E5-FF8A-4B61-B847-875BAD0AE781}.Debug|x64.ActiveCfg = Debug|Any CPU
		{0DEC74E5-FF8A-4B61-B847-875BAD0AE781}.Debug|x64.Build.0 = Debug|Any CPU
		{0DEC74E5-FF8A-4B61-B847-875BAD0AE781}.Debug|x86.ActiveCfg = Debug|Any CPU
		{0DEC74E5-FF8A-4B61-B847-875BAD0AE781}.Debug|x86.Build.0 = Debug|Any CPU
		{0DEC74E5-FF8A-4B61-B847-875BAD0AE781}.Release|Any CPU.ActiveCfg = Release|Any CPU
		{0DEC74E5-FF8A-4B61-B847-875BAD0AE781}.Release|Any CPU.Build.0 = Release|Any CPU
		{0DEC74E5-FF8A-4B61-B847-875BAD0AE781}.Release|arm64.ActiveCfg = Release|Any CPU
		{0DEC74E5-FF8A-4B61-B847-875BAD0AE781}.Release|arm64.Build.0 = Release|Any CPU
		{0DEC74E5-FF8A-4B61-B847-875BAD0AE781}.Release|x64.ActiveCfg = Release|Any CPU
		{0DEC74E5-FF8A-4B61-B847-875BAD0AE781}.Release|x64.Build.0 = Release|Any CPU
		{0DEC74E5-FF8A-4B61-B847-875BAD0AE781}.Release|x86.ActiveCfg = Release|Any CPU
		{0DEC74E5-FF8A-4B61-B847-875BAD0AE781}.Release|x86.Build.0 = Release|Any CPU
		{6F6B59D0-6538-4D02-91D2-07D24DAFE39A}.Debug|Any CPU.ActiveCfg = Debug|Any CPU
		{6F6B59D0-6538-4D02-91D2-07D24DAFE39A}.Debug|Any CPU.Build.0 = Debug|Any CPU
		{6F6B59D0-6538-4D02-91D2-07D24DAFE39A}.Debug|arm64.ActiveCfg = Debug|Any CPU
		{6F6B59D0-6538-4D02-91D2-07D24DAFE39A}.Debug|arm64.Build.0 = Debug|Any CPU
		{6F6B59D0-6538-4D02-91D2-07D24DAFE39A}.Debug|x64.ActiveCfg = Debug|Any CPU
		{6F6B59D0-6538-4D02-91D2-07D24DAFE39A}.Debug|x64.Build.0 = Debug|Any CPU
		{6F6B59D0-6538-4D02-91D2-07D24DAFE39A}.Debug|x86.ActiveCfg = Debug|Any CPU
		{6F6B59D0-6538-4D02-91D2-07D24DAFE39A}.Debug|x86.Build.0 = Debug|Any CPU
		{6F6B59D0-6538-4D02-91D2-07D24DAFE39A}.Release|Any CPU.ActiveCfg = Release|Any CPU
		{6F6B59D0-6538-4D02-91D2-07D24DAFE39A}.Release|Any CPU.Build.0 = Release|Any CPU
		{6F6B59D0-6538-4D02-91D2-07D24DAFE39A}.Release|arm64.ActiveCfg = Release|Any CPU
		{6F6B59D0-6538-4D02-91D2-07D24DAFE39A}.Release|arm64.Build.0 = Release|Any CPU
		{6F6B59D0-6538-4D02-91D2-07D24DAFE39A}.Release|x64.ActiveCfg = Release|Any CPU
		{6F6B59D0-6538-4D02-91D2-07D24DAFE39A}.Release|x64.Build.0 = Release|Any CPU
		{6F6B59D0-6538-4D02-91D2-07D24DAFE39A}.Release|x86.ActiveCfg = Release|Any CPU
		{6F6B59D0-6538-4D02-91D2-07D24DAFE39A}.Release|x86.Build.0 = Release|Any CPU
		{BF28C9F2-2935-4FDE-B812-977D601F9208}.Debug|Any CPU.ActiveCfg = Debug|Any CPU
		{BF28C9F2-2935-4FDE-B812-977D601F9208}.Debug|Any CPU.Build.0 = Debug|Any CPU
		{BF28C9F2-2935-4FDE-B812-977D601F9208}.Debug|arm64.ActiveCfg = Debug|Any CPU
		{BF28C9F2-2935-4FDE-B812-977D601F9208}.Debug|arm64.Build.0 = Debug|Any CPU
		{BF28C9F2-2935-4FDE-B812-977D601F9208}.Debug|x64.ActiveCfg = Debug|Any CPU
		{BF28C9F2-2935-4FDE-B812-977D601F9208}.Debug|x64.Build.0 = Debug|Any CPU
		{BF28C9F2-2935-4FDE-B812-977D601F9208}.Debug|x86.ActiveCfg = Debug|Any CPU
		{BF28C9F2-2935-4FDE-B812-977D601F9208}.Debug|x86.Build.0 = Debug|Any CPU
		{BF28C9F2-2935-4FDE-B812-977D601F9208}.Release|Any CPU.ActiveCfg = Release|Any CPU
		{BF28C9F2-2935-4FDE-B812-977D601F9208}.Release|Any CPU.Build.0 = Release|Any CPU
		{BF28C9F2-2935-4FDE-B812-977D601F9208}.Release|arm64.ActiveCfg = Release|Any CPU
		{BF28C9F2-2935-4FDE-B812-977D601F9208}.Release|arm64.Build.0 = Release|Any CPU
		{BF28C9F2-2935-4FDE-B812-977D601F9208}.Release|x64.ActiveCfg = Release|Any CPU
		{BF28C9F2-2935-4FDE-B812-977D601F9208}.Release|x64.Build.0 = Release|Any CPU
		{BF28C9F2-2935-4FDE-B812-977D601F9208}.Release|x86.ActiveCfg = Release|Any CPU
		{BF28C9F2-2935-4FDE-B812-977D601F9208}.Release|x86.Build.0 = Release|Any CPU
		{EF6090B9-7349-4868-9C43-D7D3F048C54F}.Debug|Any CPU.ActiveCfg = Debug|Any CPU
		{EF6090B9-7349-4868-9C43-D7D3F048C54F}.Debug|Any CPU.Build.0 = Debug|Any CPU
		{EF6090B9-7349-4868-9C43-D7D3F048C54F}.Debug|arm64.ActiveCfg = Debug|Any CPU
		{EF6090B9-7349-4868-9C43-D7D3F048C54F}.Debug|arm64.Build.0 = Debug|Any CPU
		{EF6090B9-7349-4868-9C43-D7D3F048C54F}.Debug|x64.ActiveCfg = Debug|Any CPU
		{EF6090B9-7349-4868-9C43-D7D3F048C54F}.Debug|x64.Build.0 = Debug|Any CPU
		{EF6090B9-7349-4868-9C43-D7D3F048C54F}.Debug|x86.ActiveCfg = Debug|Any CPU
		{EF6090B9-7349-4868-9C43-D7D3F048C54F}.Debug|x86.Build.0 = Debug|Any CPU
		{EF6090B9-7349-4868-9C43-D7D3F048C54F}.Release|Any CPU.ActiveCfg = Release|Any CPU
		{EF6090B9-7349-4868-9C43-D7D3F048C54F}.Release|Any CPU.Build.0 = Release|Any CPU
		{EF6090B9-7349-4868-9C43-D7D3F048C54F}.Release|arm64.ActiveCfg = Release|Any CPU
		{EF6090B9-7349-4868-9C43-D7D3F048C54F}.Release|arm64.Build.0 = Release|Any CPU
		{EF6090B9-7349-4868-9C43-D7D3F048C54F}.Release|x64.ActiveCfg = Release|Any CPU
		{EF6090B9-7349-4868-9C43-D7D3F048C54F}.Release|x64.Build.0 = Release|Any CPU
		{EF6090B9-7349-4868-9C43-D7D3F048C54F}.Release|x86.ActiveCfg = Release|Any CPU
		{EF6090B9-7349-4868-9C43-D7D3F048C54F}.Release|x86.Build.0 = Release|Any CPU
		{C0E7BCAD-B4B3-4291-A87A-384D5F99C413}.Debug|Any CPU.ActiveCfg = Debug|Any CPU
		{C0E7BCAD-B4B3-4291-A87A-384D5F99C413}.Debug|Any CPU.Build.0 = Debug|Any CPU
		{C0E7BCAD-B4B3-4291-A87A-384D5F99C413}.Debug|arm64.ActiveCfg = Debug|Any CPU
		{C0E7BCAD-B4B3-4291-A87A-384D5F99C413}.Debug|arm64.Build.0 = Debug|Any CPU
		{C0E7BCAD-B4B3-4291-A87A-384D5F99C413}.Debug|x64.ActiveCfg = Debug|Any CPU
		{C0E7BCAD-B4B3-4291-A87A-384D5F99C413}.Debug|x64.Build.0 = Debug|Any CPU
		{C0E7BCAD-B4B3-4291-A87A-384D5F99C413}.Debug|x86.ActiveCfg = Debug|Any CPU
		{C0E7BCAD-B4B3-4291-A87A-384D5F99C413}.Debug|x86.Build.0 = Debug|Any CPU
		{C0E7BCAD-B4B3-4291-A87A-384D5F99C413}.Release|Any CPU.ActiveCfg = Release|Any CPU
		{C0E7BCAD-B4B3-4291-A87A-384D5F99C413}.Release|Any CPU.Build.0 = Release|Any CPU
		{C0E7BCAD-B4B3-4291-A87A-384D5F99C413}.Release|arm64.ActiveCfg = Release|Any CPU
		{C0E7BCAD-B4B3-4291-A87A-384D5F99C413}.Release|arm64.Build.0 = Release|Any CPU
		{C0E7BCAD-B4B3-4291-A87A-384D5F99C413}.Release|x64.ActiveCfg = Release|Any CPU
		{C0E7BCAD-B4B3-4291-A87A-384D5F99C413}.Release|x64.Build.0 = Release|Any CPU
		{C0E7BCAD-B4B3-4291-A87A-384D5F99C413}.Release|x86.ActiveCfg = Release|Any CPU
		{C0E7BCAD-B4B3-4291-A87A-384D5F99C413}.Release|x86.Build.0 = Release|Any CPU
		{47FC5CB5-A6F2-4FEE-99F8-A758D3A7373C}.Debug|Any CPU.ActiveCfg = Debug|Any CPU
		{47FC5CB5-A6F2-4FEE-99F8-A758D3A7373C}.Debug|Any CPU.Build.0 = Debug|Any CPU
		{47FC5CB5-A6F2-4FEE-99F8-A758D3A7373C}.Debug|arm64.ActiveCfg = Debug|Any CPU
		{47FC5CB5-A6F2-4FEE-99F8-A758D3A7373C}.Debug|arm64.Build.0 = Debug|Any CPU
		{47FC5CB5-A6F2-4FEE-99F8-A758D3A7373C}.Debug|x64.ActiveCfg = Debug|Any CPU
		{47FC5CB5-A6F2-4FEE-99F8-A758D3A7373C}.Debug|x64.Build.0 = Debug|Any CPU
		{47FC5CB5-A6F2-4FEE-99F8-A758D3A7373C}.Debug|x86.ActiveCfg = Debug|Any CPU
		{47FC5CB5-A6F2-4FEE-99F8-A758D3A7373C}.Debug|x86.Build.0 = Debug|Any CPU
		{47FC5CB5-A6F2-4FEE-99F8-A758D3A7373C}.Release|Any CPU.ActiveCfg = Release|Any CPU
		{47FC5CB5-A6F2-4FEE-99F8-A758D3A7373C}.Release|Any CPU.Build.0 = Release|Any CPU
		{47FC5CB5-A6F2-4FEE-99F8-A758D3A7373C}.Release|arm64.ActiveCfg = Release|Any CPU
		{47FC5CB5-A6F2-4FEE-99F8-A758D3A7373C}.Release|arm64.Build.0 = Release|Any CPU
		{47FC5CB5-A6F2-4FEE-99F8-A758D3A7373C}.Release|x64.ActiveCfg = Release|Any CPU
		{47FC5CB5-A6F2-4FEE-99F8-A758D3A7373C}.Release|x64.Build.0 = Release|Any CPU
		{47FC5CB5-A6F2-4FEE-99F8-A758D3A7373C}.Release|x86.ActiveCfg = Release|Any CPU
		{47FC5CB5-A6F2-4FEE-99F8-A758D3A7373C}.Release|x86.Build.0 = Release|Any CPU
	EndGlobalSection
	GlobalSection(SolutionProperties) = preSolution
		HideSolutionNode = FALSE
	EndGlobalSection
	GlobalSection(NestedProjects) = preSolution
		{EDC7144E-FDA9-4CC7-B2CD-B5EBFD610A7D} = {526BA3EF-4E1D-48C1-9923-2485B63993EE}
		{28980C99-77E7-4B62-8484-AF06C5745B8C} = {526BA3EF-4E1D-48C1-9923-2485B63993EE}
		{7922A2F5-3585-4A60-98FB-1BDB4D5ECD29} = {526BA3EF-4E1D-48C1-9923-2485B63993EE}
		{497012BC-959C-43A0-90A6-156A35DF2F43} = {38987D23-2ED7-473A-9DE5-863E338EF18A}
		{269669D3-78D8-4AF3-A2AF-08D3446BD6BC} = {38987D23-2ED7-473A-9DE5-863E338EF18A}
		{925DD842-4585-4D44-80BB-78E1FB7E9438} = {38987D23-2ED7-473A-9DE5-863E338EF18A}
		{2D63EA35-BA9C-4E77-B5A4-4938DBBFEFA6} = {46C568CE-BA46-498F-9D8F-6293DED1BB94}
		{CDCF4EEA-1CA4-412E-8C77-78893A67A577} = {46C568CE-BA46-498F-9D8F-6293DED1BB94}
		{F1022C3F-AFBC-4F23-B4DE-C6C0742AEFF2} = {526BA3EF-4E1D-48C1-9923-2485B63993EE}
		{BC560FF8-AB7A-4DA9-A1FD-99221447D370} = {526BA3EF-4E1D-48C1-9923-2485B63993EE}
		{59CC81A3-3D97-469A-9C8B-533F920085F1} = {526BA3EF-4E1D-48C1-9923-2485B63993EE}
		{7B3EA81F-F60B-46DB-B3F0-22F68E8A8FAD} = {38987D23-2ED7-473A-9DE5-863E338EF18A}
		{6576FFFD-BA73-4123-8E4B-8589E5163C04} = {38987D23-2ED7-473A-9DE5-863E338EF18A}
		{C8AE52BB-BFEE-4816-A9FE-8653CEE36C96} = {38987D23-2ED7-473A-9DE5-863E338EF18A}
		{FDFA67F7-AEE6-407A-BF94-ACAD3D735CAB} = {48C9730D-CA6C-47ED-B72C-DB9B6EE24D47}
		{3CD8AB65-BA34-4BB9-862F-D31CE861560F} = {48C9730D-CA6C-47ED-B72C-DB9B6EE24D47}
		{052E036D-6D60-4FCA-AA8E-4CF56BC2058D} = {48C9730D-CA6C-47ED-B72C-DB9B6EE24D47}
		{725B6D7A-ECC7-4A28-AF52-B1CB22C37134} = {46C568CE-BA46-498F-9D8F-6293DED1BB94}
		{D3391831-65CE-4C1E-A21B-01A283F3E193} = {DAF9D89A-5A6E-4450-8DA5-DFD73F26DDF5}
		{CF1FD52F-A933-48D9-92A4-A39565896A42} = {DAF9D89A-5A6E-4450-8DA5-DFD73F26DDF5}
		{B9C99091-E616-4DC2-A711-4DCDAC602E38} = {38987D23-2ED7-473A-9DE5-863E338EF18A}
		{5FF9CB8B-BC95-44AB-B254-CEB4ADF4A53A} = {526BA3EF-4E1D-48C1-9923-2485B63993EE}
		{D757A0DB-AEBC-4D77-A187-A701B158D588} = {3047C214-A12B-4C8B-AEED-021FAA0B4CD3}
		{0DEC74E5-FF8A-4B61-B847-875BAD0AE781} = {3047C214-A12B-4C8B-AEED-021FAA0B4CD3}
		{6F6B59D0-6538-4D02-91D2-07D24DAFE39A} = {3047C214-A12B-4C8B-AEED-021FAA0B4CD3}
		{BF28C9F2-2935-4FDE-B812-977D601F9208} = {3047C214-A12B-4C8B-AEED-021FAA0B4CD3}
		{EF6090B9-7349-4868-9C43-D7D3F048C54F} = {48C9730D-CA6C-47ED-B72C-DB9B6EE24D47}
		{C0E7BCAD-B4B3-4291-A87A-384D5F99C413} = {3047C214-A12B-4C8B-AEED-021FAA0B4CD3}
		{47FC5CB5-A6F2-4FEE-99F8-A758D3A7373C} = {3047C214-A12B-4C8B-AEED-021FAA0B4CD3}
	EndGlobalSection
	GlobalSection(ExtensibilityGlobals) = postSolution
		SolutionGuid = {3BAF1393-35E4-45F1-AC56-4A22646B56E5}
	EndGlobalSection
EndGlobal
