<?xml version="1.0" encoding="utf-8"?>
<Project ToolsVersion="4.0" xmlns="http://schemas.microsoft.com/developer/msbuild/2003">
  <ItemGroup>
    <Filter Include="Source Files">
      <UniqueIdentifier>{4FC737F1-C7A5-4376-A066-2A32D752A2FF}</UniqueIdentifier>
      <Extensions>cpp;c;cc;cxx;def;odl;idl;hpj;bat;asm;asmx</Extensions>
    </Filter>
    <Filter Include="Header Files">
      <UniqueIdentifier>{93995380-89BD-4b04-88EB-625FBE52EBFB}</UniqueIdentifier>
      <Extensions>h;hh;hpp;hxx;hm;inl;inc;ipp;xsd</Extensions>
    </Filter>
  </ItemGroup>
  <ItemGroup>
    <ClInclude Include="..\..\..\..\..\ClearScript\V8\ClearScriptV8\ClearScriptV8Managed.h">
      <Filter>Header Files</Filter>
    </ClInclude>
    <ClInclude Include="..\..\..\..\..\ClearScript\V8\ClearScriptV8\ClearScriptV8Native.h">
      <Filter>Header Files</Filter>
    </ClInclude>
    <ClInclude Include="..\..\..\..\..\ClearScript\V8\ClearScriptV8\CommonPlatform.h">
      <Filter>Header Files</Filter>
    </ClInclude>
    <ClInclude Include="..\..\..\..\..\ClearScript\V8\ClearScriptV8\HighResolutionClock.h">
      <Filter>Header Files</Filter>
    </ClInclude>
    <ClInclude Include="..\..\..\..\..\ClearScript\V8\ClearScriptV8\HostException.h">
      <Filter>Header Files</Filter>
    </ClInclude>
    <ClInclude Include="..\..\..\..\..\ClearScript\V8\ClearScriptV8\HostObjectHelpers.h">
      <Filter>Header Files</Filter>
    </ClInclude>
    <ClInclude Include="..\..\..\..\..\ClearScript\V8\ClearScriptV8\HostObjectHolder.h">
      <Filter>Header Files</Filter>
    </ClInclude>
    <ClInclude Include="..\..\..\..\..\ClearScript\V8\ClearScriptV8\HostObjectHolderImpl.h">
      <Filter>Header Files</Filter>
    </ClInclude>
    <ClInclude Include="..\..\..\..\..\ClearScript\V8\ClearScriptV8\IV8Entity.h">
      <Filter>Header Files</Filter>
    </ClInclude>
    <ClInclude Include="..\..\..\..\..\ClearScript\V8\ClearScriptV8\IV8EntityProxy.h">
      <Filter>Header Files</Filter>
    </ClInclude>
    <ClInclude Include="..\..\..\..\..\ClearScript\V8\ClearScriptV8\ManagedPlatform.h">
      <Filter>Header Files</Filter>
    </ClInclude>
    <ClInclude Include="..\..\..\..\..\ClearScript\V8\ClearScriptV8\Mutex.h">
      <Filter>Header Files</Filter>
    </ClInclude>
    <ClInclude Include="..\..\..\..\..\ClearScript\V8\ClearScriptV8\NativeCallbackImpl.h">
      <Filter>Header Files</Filter>
    </ClInclude>
    <ClInclude Include="..\..\..\..\..\ClearScript\V8\ClearScriptV8\NativePlatform.h">
      <Filter>Header Files</Filter>
    </ClInclude>
    <ClInclude Include="..\..\..\..\..\ClearScript\V8\ClearScriptV8\RefCount.h">
      <Filter>Header Files</Filter>
    </ClInclude>
    <ClInclude Include="..\..\..\..\..\ClearScript\V8\ClearScriptV8\SharedPtr.h">
      <Filter>Header Files</Filter>
    </ClInclude>
    <ClInclude Include="..\..\..\..\..\ClearScript\V8\ClearScriptV8\StdString.h">
      <Filter>Header Files</Filter>
    </ClInclude>
    <ClInclude Include="..\..\..\..\..\ClearScript\V8\ClearScriptV8\Timer.h">
      <Filter>Header Files</Filter>
    </ClInclude>
    <ClInclude Include="..\..\..\..\..\ClearScript\V8\ClearScriptV8\V8CacheType.h">
      <Filter>Header Files</Filter>
    </ClInclude>
    <ClInclude Include="..\..\..\..\..\ClearScript\V8\ClearScriptV8\V8Context.h">
      <Filter>Header Files</Filter>
    </ClInclude>
    <ClInclude Include="..\..\..\..\..\ClearScript\V8\ClearScriptV8\V8ContextImpl.h">
      <Filter>Header Files</Filter>
    </ClInclude>
    <ClInclude Include="..\..\..\..\..\ClearScript\V8\ClearScriptV8\V8ContextProxyImpl.h">
      <Filter>Header Files</Filter>
    </ClInclude>
    <ClInclude Include="..\..\..\..\..\ClearScript\V8\ClearScriptV8\V8DebugListenerImpl.h">
      <Filter>Header Files</Filter>
    </ClInclude>
    <ClInclude Include="..\..\..\..\..\ClearScript\V8\ClearScriptV8\V8DocumentInfo.h">
      <Filter>Header Files</Filter>
    </ClInclude>
    <ClInclude Include="..\..\..\..\..\ClearScript\V8\ClearScriptV8\V8Exception.h">
      <Filter>Header Files</Filter>
    </ClInclude>
    <ClInclude Include="..\..\..\..\..\ClearScript\V8\ClearScriptV8\V8Isolate.h">
      <Filter>Header Files</Filter>
    </ClInclude>
    <ClInclude Include="..\..\..\..\..\ClearScript\V8\ClearScriptV8\V8IsolateImpl.h">
      <Filter>Header Files</Filter>
    </ClInclude>
    <ClInclude Include="..\..\..\..\..\ClearScript\V8\ClearScriptV8\V8IsolateProxyImpl.h">
      <Filter>Header Files</Filter>
    </ClInclude>
    <ClInclude Include="..\..\..\..\..\ClearScript\V8\ClearScriptV8\V8ObjectHelpers.h">
      <Filter>Header Files</Filter>
    </ClInclude>
    <ClInclude Include="..\..\..\..\..\ClearScript\V8\ClearScriptV8\V8ObjectHolder.h">
      <Filter>Header Files</Filter>
    </ClInclude>
    <ClInclude Include="..\..\..\..\..\ClearScript\V8\ClearScriptV8\V8ObjectHolderImpl.h">
      <Filter>Header Files</Filter>
    </ClInclude>
    <ClInclude Include="..\..\..\..\..\ClearScript\V8\ClearScriptV8\V8ObjectImpl.h">
      <Filter>Header Files</Filter>
    </ClInclude>
    <ClInclude Include="..\..\..\..\..\ClearScript\V8\ClearScriptV8\V8Platform.h">
      <Filter>Header Files</Filter>
    </ClInclude>
    <ClInclude Include="..\..\..\..\..\ClearScript\V8\ClearScriptV8\V8ScriptHolder.h">
      <Filter>Header Files</Filter>
    </ClInclude>
    <ClInclude Include="..\..\..\..\..\ClearScript\V8\ClearScriptV8\V8ScriptHolderImpl.h">
      <Filter>Header Files</Filter>
    </ClInclude>
    <ClInclude Include="..\..\..\..\..\ClearScript\V8\ClearScriptV8\V8ScriptImpl.h">
      <Filter>Header Files</Filter>
    </ClInclude>
    <ClInclude Include="..\..\..\..\..\ClearScript\V8\ClearScriptV8\V8TestProxyImpl.h">
      <Filter>Header Files</Filter>
    </ClInclude>
    <ClInclude Include="..\..\..\..\..\ClearScript\V8\ClearScriptV8\V8Value.h">
      <Filter>Header Files</Filter>
    </ClInclude>
    <ClInclude Include="..\..\..\..\..\ClearScript\V8\ClearScriptV8\V8WeakContextBinding.h">
      <Filter>Header Files</Filter>
    </ClInclude>
    <ClInclude Include="..\..\..\..\..\ClearScript\V8\ClearScriptV8\WeakRef.h">
      <Filter>Header Files</Filter>
    </ClInclude>
  </ItemGroup>
  <ItemGroup>
    <ClCompile Include="..\..\..\..\..\ClearScript\V8\ClearScriptV8\HighResolutionClock.cpp">
      <Filter>Source Files</Filter>
    </ClCompile>
    <ClCompile Include="..\..\..\..\..\ClearScript\V8\ClearScriptV8\HostObjectHelpers.cpp">
      <Filter>Source Files</Filter>
    </ClCompile>
    <ClCompile Include="..\..\..\..\..\ClearScript\V8\ClearScriptV8\HostObjectHolderImpl.cpp">
      <Filter>Source Files</Filter>
    </ClCompile>
    <ClCompile Include="..\..\..\..\..\ClearScript\V8\ClearScriptV8\Mutex.cpp">
      <Filter>Source Files</Filter>
    </ClCompile>
    <ClCompile Include="..\..\..\..\..\ClearScript\V8\ClearScriptV8\NativeCallbackImpl.cpp">
      <Filter>Source Files</Filter>
    </ClCompile>
    <ClCompile Include="..\..\..\..\..\ClearScript\V8\ClearScriptV8\RefCount.cpp">
      <Filter>Source Files</Filter>
    </ClCompile>
    <ClCompile Include="..\..\..\..\..\ClearScript\V8\ClearScriptV8\StdString.cpp">
      <Filter>Source Files</Filter>
    </ClCompile>
    <ClCompile Include="..\..\..\..\..\ClearScript\V8\ClearScriptV8\V8Context.cpp">
      <Filter>Source Files</Filter>
    </ClCompile>
    <ClCompile Include="..\..\..\..\..\ClearScript\V8\ClearScriptV8\V8ContextImpl.cpp">
      <Filter>Source Files</Filter>
    </ClCompile>
    <ClCompile Include="..\..\..\..\..\ClearScript\V8\ClearScriptV8\V8ContextProxyImpl.cpp">
      <Filter>Source Files</Filter>
    </ClCompile>
    <ClCompile Include="..\..\..\..\..\ClearScript\V8\ClearScriptV8\V8DebugListenerImpl.cpp">
      <Filter>Source Files</Filter>
    </ClCompile>
    <ClCompile Include="..\..\..\..\..\ClearScript\V8\ClearScriptV8\V8Exception.cpp">
      <Filter>Source Files</Filter>
    </ClCompile>
    <ClCompile Include="..\..\..\..\..\ClearScript\V8\ClearScriptV8\V8Isolate.cpp">
      <Filter>Source Files</Filter>
    </ClCompile>
    <ClCompile Include="..\..\..\..\..\ClearScript\V8\ClearScriptV8\V8IsolateImpl.cpp">
      <Filter>Source Files</Filter>
    </ClCompile>
    <ClCompile Include="..\..\..\..\..\ClearScript\V8\ClearScriptV8\V8IsolateProxyImpl.cpp">
      <Filter>Source Files</Filter>
    </ClCompile>
    <ClCompile Include="..\..\..\..\..\ClearScript\V8\ClearScriptV8\V8ObjectHelpers.cpp">
      <Filter>Source Files</Filter>
    </ClCompile>
    <ClCompile Include="..\..\..\..\..\ClearScript\V8\ClearScriptV8\V8ObjectHolderImpl.cpp">
      <Filter>Source Files</Filter>
    </ClCompile>
    <ClCompile Include="..\..\..\..\..\ClearScript\V8\ClearScriptV8\V8ObjectImpl.cpp">
      <Filter>Source Files</Filter>
    </ClCompile>
    <ClCompile Include="..\..\..\..\..\ClearScript\V8\ClearScriptV8\V8ScriptHolderImpl.cpp">
      <Filter>Source Files</Filter>
    </ClCompile>
    <ClCompile Include="..\..\..\..\..\ClearScript\V8\ClearScriptV8\V8ScriptImpl.cpp">
      <Filter>Source Files</Filter>
    </ClCompile>
    <ClCompile Include="..\..\..\..\..\ClearScript\V8\ClearScriptV8\V8TestProxyImpl.cpp">
      <Filter>Source Files</Filter>
    </ClCompile>
    <ClCompile Include="..\..\..\..\..\ClearScript\V8\ClearScriptV8\64\AssemblyInfo.cpp">
      <Filter>Source Files</Filter>
    </ClCompile>
  </ItemGroup>
  <ItemGroup>
    <CopyFileToFolders Include="..\..\..\..\..\ClearScript\V8\V8\lib\v8-base-x64.dll" />
    <CopyFileToFolders Include="..\..\..\..\..\ClearScript\V8\V8\lib\v8-base-x64.dll.pdb" />
    <CopyFileToFolders Include="..\..\..\..\..\ClearScript\V8\V8\lib\v8-libcpp-x64.dll" />
    <CopyFileToFolders Include="..\..\..\..\..\ClearScript\V8\V8\lib\v8-libcpp-x64.dll.pdb" />
    <CopyFileToFolders Include="..\..\..\..\..\ClearScript\V8\V8\lib\v8-x64.dll" />
    <CopyFileToFolders Include="..\..\..\..\..\ClearScript\V8\V8\lib\v8-x64.dll.pdb" />
  </ItemGroup>
  <ItemGroup>
    <ResourceCompile Include="..\..\..\..\..\ClearScript\V8\ClearScriptV8\64\Resource.rc">
      <Filter>Source Files</Filter>
    </ResourceCompile>
  </ItemGroup>
</Project>