<?xml version="1.0" encoding="utf-8"?>
<Project ToolsVersion="4.0" xmlns="http://schemas.microsoft.com/developer/msbuild/2003">
  <ItemGroup>
    <ClCompile Include="AssemblyInfo.cpp">
      <Filter>Source Files</Filter>
    </ClCompile>
    <ClCompile Include="..\HostObjectHelpers.cpp">
      <Filter>Source Files</Filter>
    </ClCompile>
    <ClCompile Include="..\V8Context.cpp">
      <Filter>Source Files</Filter>
    </ClCompile>
    <ClCompile Include="..\V8ContextImpl.cpp">
      <Filter>Source Files</Filter>
    </ClCompile>
    <ClCompile Include="..\HostObjectHolderImpl.cpp">
      <Filter>Source Files</Filter>
    </ClCompile>
    <ClCompile Include="..\V8ObjectHolderImpl.cpp">
      <Filter>Source Files</Filter>
    </ClCompile>
    <ClCompile Include="..\V8ObjectImpl.cpp">
      <Filter>Source Files</Filter>
    </ClCompile>
    <ClCompile Include="..\V8ObjectHelpers.cpp">
      <Filter>Source Files</Filter>
    </ClCompile>
    <ClCompile Include="..\V8Isolate.cpp">
      <Filter>Source Files</Filter>
    </ClCompile>
    <ClCompile Include="..\V8IsolateImpl.cpp">
      <Filter>Source Files</Filter>
    </ClCompile>
    <ClCompile Include="..\V8ContextProxyImpl.cpp">
      <Filter>Source Files</Filter>
    </ClCompile>
    <ClCompile Include="..\V8IsolateProxyImpl.cpp">
      <Filter>Source Files</Filter>
    </ClCompile>
    <ClCompile Include="..\RefCount.cpp">
      <Filter>Source Files</Filter>
    </ClCompile>
    <ClCompile Include="..\Mutex.cpp">
      <Filter>Source Files</Filter>
    </ClCompile>
    <ClCompile Include="..\V8Exception.cpp">
      <Filter>Source Files</Filter>
    </ClCompile>
    <ClCompile Include="..\V8ScriptImpl.cpp">
      <Filter>Source Files</Filter>
    </ClCompile>
    <ClCompile Include="..\V8ScriptHolderImpl.cpp">
      <Filter>Source Files</Filter>
    </ClCompile>
    <ClCompile Include="..\V8DebugListenerImpl.cpp">
      <Filter>Source Files</Filter>
    </ClCompile>
    <ClCompile Include="..\HighResolutionClock.cpp">
      <Filter>Source Files</Filter>
    </ClCompile>
    <ClCompile Include="..\V8TestProxyImpl.cpp">
      <Filter>Source Files</Filter>
    </ClCompile>
    <ClCompile Include="..\NativeCallbackImpl.cpp">
      <Filter>Source Files</Filter>
    </ClCompile>
    <ClCompile Include="..\StdString.cpp">
      <Filter>Source Files</Filter>
    </ClCompile>
  </ItemGroup>
  <ItemGroup>
    <Filter Include="Header Files">
      <UniqueIdentifier>{839e1561-632f-41d9-87f4-9fc14666d0c9}</UniqueIdentifier>
      <Extensions>h</Extensions>
    </Filter>
    <Filter Include="Source Files">
      <UniqueIdentifier>{cc5d1370-7dfe-4e12-b893-f3fc2b2ef547}</UniqueIdentifier>
      <Extensions>cpp;rc</Extensions>
    </Filter>
  </ItemGroup>
  <ItemGroup>
    <ResourceCompile Include="Resource.rc">
      <Filter>Source Files</Filter>
    </ResourceCompile>
  </ItemGroup>
  <ItemGroup>
    <CustomBuild Include="..\..\V8\lib\v8-ia32.dll" />
    <CustomBuild Include="..\..\V8\lib\v8-ia32.dll.pdb" />
    <CustomBuild Include="..\..\V8\lib\v8-base-ia32.dll" />
    <CustomBuild Include="..\..\V8\lib\v8-base-ia32.dll.pdb" />
  </ItemGroup>
  <ItemGroup>
    <ClInclude Include="..\ClearScriptV8Managed.h">
      <Filter>Header Files</Filter>
    </ClInclude>
    <ClInclude Include="..\ClearScriptV8Native.h">
      <Filter>Header Files</Filter>
    </ClInclude>
    <ClInclude Include="..\CommonPlatform.h">
      <Filter>Header Files</Filter>
    </ClInclude>
    <ClInclude Include="..\HostException.h">
      <Filter>Header Files</Filter>
    </ClInclude>
    <ClInclude Include="..\HostObjectHelpers.h">
      <Filter>Header Files</Filter>
    </ClInclude>
    <ClInclude Include="..\HostObjectHolder.h">
      <Filter>Header Files</Filter>
    </ClInclude>
    <ClInclude Include="..\HostObjectHolderImpl.h">
      <Filter>Header Files</Filter>
    </ClInclude>
    <ClInclude Include="..\ManagedPlatform.h">
      <Filter>Header Files</Filter>
    </ClInclude>
    <ClInclude Include="..\Mutex.h">
      <Filter>Header Files</Filter>
    </ClInclude>
    <ClInclude Include="..\NativePlatform.h">
      <Filter>Header Files</Filter>
    </ClInclude>
    <ClInclude Include="..\RefCount.h">
      <Filter>Header Files</Filter>
    </ClInclude>
    <ClInclude Include="..\SharedPtr.h">
      <Filter>Header Files</Filter>
    </ClInclude>
    <ClInclude Include="..\V8Context.h">
      <Filter>Header Files</Filter>
    </ClInclude>
    <ClInclude Include="..\V8ContextImpl.h">
      <Filter>Header Files</Filter>
    </ClInclude>
    <ClInclude Include="..\V8ContextProxyImpl.h">
      <Filter>Header Files</Filter>
    </ClInclude>
    <ClInclude Include="..\V8Exception.h">
      <Filter>Header Files</Filter>
    </ClInclude>
    <ClInclude Include="..\V8Isolate.h">
      <Filter>Header Files</Filter>
    </ClInclude>
    <ClInclude Include="..\V8IsolateImpl.h">
      <Filter>Header Files</Filter>
    </ClInclude>
    <ClInclude Include="..\V8IsolateProxyImpl.h">
      <Filter>Header Files</Filter>
    </ClInclude>
    <ClInclude Include="..\V8ObjectHelpers.h">
      <Filter>Header Files</Filter>
    </ClInclude>
    <ClInclude Include="..\V8ObjectHolder.h">
      <Filter>Header Files</Filter>
    </ClInclude>
    <ClInclude Include="..\V8ObjectHolderImpl.h">
      <Filter>Header Files</Filter>
    </ClInclude>
    <ClInclude Include="..\V8ObjectImpl.h">
      <Filter>Header Files</Filter>
    </ClInclude>
    <ClInclude Include="..\V8Platform.h">
      <Filter>Header Files</Filter>
    </ClInclude>
    <ClInclude Include="..\V8Value.h">
      <Filter>Header Files</Filter>
    </ClInclude>
    <ClInclude Include="..\WeakRef.h">
      <Filter>Header Files</Filter>
    </ClInclude>
    <ClInclude Include="..\V8ScriptImpl.h">
      <Filter>Header Files</Filter>
    </ClInclude>
    <ClInclude Include="..\V8ScriptHolder.h">
      <Filter>Header Files</Filter>
    </ClInclude>
    <ClInclude Include="..\V8ScriptHolderImpl.h">
      <Filter>Header Files</Filter>
    </ClInclude>
    <ClInclude Include="..\StdString.h">
      <Filter>Header Files</Filter>
    </ClInclude>
    <ClInclude Include="..\V8WeakContextBinding.h">
      <Filter>Header Files</Filter>
    </ClInclude>
    <ClInclude Include="..\Timer.h">
      <Filter>Header Files</Filter>
    </ClInclude>
    <ClInclude Include="..\V8DebugListenerImpl.h">
      <Filter>Header Files</Filter>
    </ClInclude>
    <ClInclude Include="..\HighResolutionClock.h">
      <Filter>Header Files</Filter>
    </ClInclude>
    <ClInclude Include="..\V8TestProxyImpl.h">
      <Filter>Header Files</Filter>
    </ClInclude>
    <ClInclude Include="..\NativeCallbackImpl.h">
      <Filter>Header Files</Filter>
    </ClInclude>
    <ClInclude Include="..\V8CacheType.h">
      <Filter>Header Files</Filter>
    </ClInclude>
    <ClInclude Include="..\V8DocumentInfo.h">
      <Filter>Header Files</Filter>
    </ClInclude>
    <ClInclude Include="..\IV8EntityProxy.h">
      <Filter>Header Files</Filter>
    </ClInclude>
    <ClInclude Include="..\IV8Entity.h">
      <Filter>Header Files</Filter>
    </ClInclude>
  </ItemGroup>
  <ItemGroup>
    <None Include="..\..\V8\lib\v8-libcpp-ia32.dll" />
    <None Include="..\..\V8\lib\v8-libcpp-ia32.dll.pdb" />
  </ItemGroup>
</Project>